# Generated by conda-lock.
# platform: osx-arm64
# input_hash: 262c8329109b27181bbea7b8dc7d0854f2e7d60607a6089b8fc7bba8f2dadc8b
@EXPLICIT
https://conda.anaconda.org/conda-forge/noarch/_r-mutex-1.0.1-anacondar_1.tar.bz2#19f9db5f4f1b7f5ef5f6d67207f25f38
https://conda.anaconda.org/conda-forge/noarch/compiler-rt22_osx-arm64-22.1.8-hb8825d9_2.conda#e603f604aa1e281db38ff849cc4e4c5d
https://conda.anaconda.org/conda-forge/noarch/font-ttf-dejavu-sans-mono-2.37-hab24e00_0.tar.bz2#0c96522c6bdaed4b1566d11387caaf45
https://conda.anaconda.org/conda-forge/noarch/font-ttf-inconsolata-3.000-h77eed37_0.tar.bz2#34893075a5c9e55cdafac56607368fc6
https://conda.anaconda.org/conda-forge/noarch/font-ttf-source-code-pro-2.038-h77eed37_0.tar.bz2#4d59c254e01d9cde7957100457e2d5fb
https://conda.anaconda.org/conda-forge/noarch/font-ttf-ubuntu-0.83-h77eed37_3.conda#49023d73832ef61042f6a237cb2687e7
https://conda.anaconda.org/conda-forge/osx-arm64/pandoc-3.10.2-hce30654_0.conda#d17619f554a5892162869bec6f97a0c4
https://conda.anaconda.org/conda-forge/noarch/poppler-data-0.4.12-hd8ed1ab_0.conda#d8d7293c5b37f39b2ac32940621c6592
https://conda.anaconda.org/conda-forge/noarch/sdkroot_env_osx-arm64-26.0-ha3f98da_7.conda#5f0ebbfea12d8e5bddff157e271fdb2f
https://conda.anaconda.org/conda-forge/noarch/tzdata-2026c-h151e31d_0.conda#fcb489df604d100968b737f2cb6076c6
https://conda.anaconda.org/conda-forge/osx-arm64/bzip2-1.0.8-h4e30115_10.conda#b50612e7d190b8061ab4e7dc119cf4d5
https://conda.anaconda.org/conda-forge/osx-arm64/c-ares-1.34.8-h74c22ad_2.conda#4cc01a374215de38387d45e19c8c5c9c
https://conda.anaconda.org/conda-forge/noarch/ca-certificates-2026.7.22-hbd8a1cb_0.conda#0f51e2391ade309db462a55611263e9c
https://conda.anaconda.org/conda-forge/osx-arm64/compiler-rt22-22.1.8-hdb3d66b_2.conda#da9362e9de3e1f80c9786a268ff22bfa
https://conda.anaconda.org/conda-forge/noarch/compiler-rt_osx-arm64-22.1.8-hce30654_2.conda#79874270cd835b658d889f4cd054677b
https://conda.anaconda.org/conda-forge/noarch/fonts-conda-forge-1-hc364b38_1.conda#a7970cd949a077b7cb9696379d338681
https://conda.anaconda.org/conda-forge/osx-arm64/fribidi-1.0.16-h84a0fba_1.conda#2bb7d7dd91116b8c85e805b0e08cc67b
https://conda.anaconda.org/conda-forge/osx-arm64/icu-78.3-py310h579977c_2.conda#a5efc0b42bb8b42e97d0a29ae3e3c187
https://conda.anaconda.org/conda-forge/osx-arm64/libcompiler-rt-22.1.8-hdb3d66b_2.conda#1ea9adef104f7304dc445153f1f19274
https://conda.anaconda.org/conda-forge/osx-arm64/libcxx-22.1.8-h55c6f16_0.conda#89f76a2a21a3ec3ec983b5eb237c4113
https://conda.anaconda.org/conda-forge/noarch/libcxx-headers-22.1.8-h707e725_0.conda#2306682595f6d2a5e67fab177427e139
https://conda.anaconda.org/conda-forge/osx-arm64/libdeflate-1.25-he7e0567_1.conda#78650d671cb56909bb3e5c13bce310f9
https://conda.anaconda.org/conda-forge/osx-arm64/libev-4.33-h1a92334_3.conda#19e86c8a6a47e92bb2e70ca12e758c5c
https://conda.anaconda.org/conda-forge/osx-arm64/libexpat-2.8.1-hf6b4638_1.conda#a915151d5d3c5bf039f5ccc8402a436f
https://conda.anaconda.org/conda-forge/osx-arm64/libffi-3.7.0-hcf2aa1b_0.conda#92e8690d170d46d768c32553458c0105
https://conda.anaconda.org/conda-forge/noarch/libgcc-devel_osx-arm64-16.1.0-h2713bec_103.conda#206b4e55d3d1cf1b31f75555ea0483b0
https://conda.anaconda.org/conda-forge/osx-arm64/libiconv-1.18-he4c29f2_3.conda#17f4744c0873e9f77ac9b5cd0a27c187
https://conda.anaconda.org/conda-forge/osx-arm64/libjpeg-turbo-3.2.0-h84a0fba_1.conda#b2f8c8e5a7651a1d7c05404c3a159517
https://conda.anaconda.org/conda-forge/osx-arm64/liblzma-5.8.3-h8088a28_1.conda#8ab10323068b107661a4b9a4af84f3b5
https://conda.anaconda.org/conda-forge/osx-arm64/libuv-1.52.1-h1a92334_1.conda#de09bd0f175611e94f21b28f8c708e80
https://conda.anaconda.org/conda-forge/osx-arm64/libwebp-base-1.6.0-h202fb40_1.conda#168a13e329259710b28277abc1395b8e
https://conda.anaconda.org/conda-forge/osx-arm64/libzlib-1.3.2-h8088a28_3.conda#f39288f0ea63ae962e1a2e4f355a0d75
https://conda.anaconda.org/conda-forge/osx-arm64/llvm-openmp-22.1.8-hc225544_1.conda#4d317ff37f520b0d25d634cb996823cd
https://conda.anaconda.org/conda-forge/osx-arm64/make-4.4.1-h84a0fba_3.conda#5e4c7921fa8489236f1599274b478bac
https://conda.anaconda.org/conda-forge/osx-arm64/ncurses-6.6-he64c551_1.conda#3dfa0d0316dc246cd44937a557de4501
https://conda.anaconda.org/conda-forge/osx-arm64/_openmp_mutex-4.5-7_kmp_llvm.conda#a44032f282e7d2acdeb1c240308052dd
https://conda.anaconda.org/conda-forge/osx-arm64/compiler-rt-22.1.8-hce30654_2.conda#fa14e650717aac340bcc3251bab8117b
https://conda.anaconda.org/conda-forge/noarch/fonts-conda-ecosystem-1-0.tar.bz2#fee5683a3f04bd15cbd8318b096a27ab
https://conda.anaconda.org/conda-forge/osx-arm64/graphite2-1.3.15-h784d473_1.conda#0c7b78d9ffff4f5a6ca28d346f734d8f
https://conda.anaconda.org/conda-forge/osx-arm64/lerc-4.2.0-h1eee2c3_0.conda#e429aec4037d5cb8fd34ded9f5dadd39
https://conda.anaconda.org/conda-forge/osx-arm64/libasprintf-0.25.1-h493aca8_0.conda#0deb80a2d6097c5fb98b495370b2435b
https://conda.anaconda.org/conda-forge/osx-arm64/libcxx-devel-22.1.8-h6dc3340_0.conda#f7784a43f0ed7158e918fd8ec0843b47
https://conda.anaconda.org/conda-forge/osx-arm64/libedit-3.1.20250104-pl5321h26f1114_1.conda#843ef89082f368cb889305084d3b483c
https://conda.anaconda.org/conda-forge/osx-arm64/libintl-0.25.1-h493aca8_0.conda#5103f6a6b210a3912faf8d7db516918c
https://conda.anaconda.org/conda-forge/osx-arm64/libpng-1.6.58-hf5e6511_1.conda#e0466c58fd07db190b9a81b5e58539f2
https://conda.anaconda.org/conda-forge/osx-arm64/libpsl-0.23.1-hdb0c161_1.conda#5d270f716a2b4bc13df9af8612071b17
https://conda.anaconda.org/conda-forge/osx-arm64/libsqlite-3.53.4-hca69786_1.conda#fde96d40ebe9a9cb34e4122380189ddb
https://conda.anaconda.org/conda-forge/osx-arm64/libxml2-16-2.15.3-h5ef1a60_1.conda#f86c0b8ac5c866049717b55df1049c2c
https://conda.anaconda.org/conda-forge/osx-arm64/nspr-4.40-hdcbdcf5_0.conda#7697df3a4af3427af9bc66dfaec228ae
https://conda.anaconda.org/conda-forge/osx-arm64/openssl-3.6.3-hd24854e_1.conda#65d1906712b85d1679263c518d011b5b
https://conda.anaconda.org/conda-forge/osx-arm64/pcre2-10.47-he63d830_1.conda#5ab90033816cbe4097e8a297e5179f67
https://conda.anaconda.org/conda-forge/osx-arm64/pixman-0.46.4-h784d473_3.conda#9a99c0b60efe41c194d01c182d000733
https://conda.anaconda.org/conda-forge/osx-arm64/readline-8.3-h8b90a29_1.conda#9347fd56a002e6b58946831d48fe62f6
https://conda.anaconda.org/conda-forge/osx-arm64/tapi-1600.0.11.8-hb561403_3.conda#0676b8719dd1e9bb1003e59a481c6c3e
https://conda.anaconda.org/conda-forge/osx-arm64/tk-8.6.13-hbeba79b_4.conda#90a01bf394d1c594e0eb9258f967d828
https://conda.anaconda.org/conda-forge/osx-arm64/zstd-1.5.7-hf451053_7.conda#4ec2684c73812cc2c3d78379384a39cc
https://conda.anaconda.org/conda-forge/osx-arm64/bwidget-1.10.1-h820172f_3.conda#bf63d8bbfb2a5a51b2d652e0100d6150
https://conda.anaconda.org/conda-forge/osx-arm64/krb5-1.22.2-h34f8a20_2.conda#15235dd10450d67bc25ccafd5b46d2bc
https://conda.anaconda.org/conda-forge/osx-arm64/libfreetype6-2.14.3-h2ed5691_2.conda#881cfb44ea02cc9849f612725a959660
https://conda.anaconda.org/conda-forge/osx-arm64/libgcc-16.1.0-h3cf6597_3.conda#5ef4f6677d17d49c025d36183addacb3
https://conda.anaconda.org/conda-forge/osx-arm64/libgettextpo-0.25.1-h493aca8_0.conda#98acd9989d0d8d5914ccc86dceb6c6c2
https://conda.anaconda.org/conda-forge/osx-arm64/libglib-2.88.3-ha531971_1.conda#70a6bcf13dc0dd00fe3fe91190d38771
https://conda.anaconda.org/conda-forge/osx-arm64/libnghttp2-1.68.1-h435687b_1.conda#ac9902dcbe0417f50cf95ab2bde062fa
https://conda.anaconda.org/conda-forge/osx-arm64/libsigtool-0.1.3-h98dc951_1.conda#c70eb797aa92a294b09ef8f41f6bd578
https://conda.anaconda.org/conda-forge/osx-arm64/libssh2-1.11.1-hbf2880b_1.conda#d957a8eda98c49b073e8dcfd677c127a
https://conda.anaconda.org/conda-forge/osx-arm64/libtiff-4.7.2-h282da08_0.conda#6fa87106b3c041ad6d965a9411e79b94
https://conda.anaconda.org/conda-forge/osx-arm64/libxml2-2.15.3-h5654f7c_1.conda#06a3f8eb5cdde56b2d10b49ae3337954
https://conda.anaconda.org/conda-forge/osx-arm64/nss-3.118-h1c710a3_0.conda#ae07409126ced4f0d982dfeab0681016
https://conda.anaconda.org/conda-forge/osx-arm64/tktable-2.10-h74c22ad_10.conda#19d622ee6fecfa5a2b85b6ba0bb889d0
https://conda.anaconda.org/conda-forge/osx-arm64/lcms2-2.19.1-hdfa7624_1.conda#d2f2c7c10e2957647d45589b7701a453
https://conda.anaconda.org/conda-forge/osx-arm64/libcurl-8.21.0-h6651222_5.conda#5ae67c128838b686894b4a3aef015c29
https://conda.anaconda.org/conda-forge/osx-arm64/libfreetype-2.14.3-hce30654_2.conda#ee1fc5bba400ff0cae27fbf141a1ae0c
https://conda.anaconda.org/conda-forge/osx-arm64/libgfortran5-16.1.0-h32cdfcc_3.conda#f0bb937fe5de14fbe09d012b485bb7c1
https://conda.anaconda.org/conda-forge/osx-arm64/libllvm22-22.1.8-h759d1ac_2.conda#6f1791ed2becb128eb25d6819fea99b6
https://conda.anaconda.org/conda-forge/osx-arm64/libxml2-devel-2.15.3-h5654f7c_1.conda#fff82f66f5775661123c2963930f318b
https://conda.anaconda.org/conda-forge/osx-arm64/openjpeg-2.5.4-hd9e9057_0.conda#4b5d3a91320976eec71678fad1e3569b
https://conda.anaconda.org/conda-forge/osx-arm64/sigtool-codesign-0.1.3-h98dc951_1.conda#a322c0a0d3b5be99ee11f9ccec99b60e
https://conda.anaconda.org/conda-forge/osx-arm64/curl-8.21.0-h6651222_5.conda#a78919380afa9842a9c46f35fc7a518c
https://conda.anaconda.org/conda-forge/osx-arm64/fontconfig-2.18.3-h81aa574_1.conda#8ac8cc3fe744b484de4387703134d8b2
https://conda.anaconda.org/conda-forge/osx-arm64/freetype-2.14.3-hce30654_2.conda#2f4cc7dc2e6622591735c49dda1b92aa
https://conda.anaconda.org/conda-forge/osx-arm64/ld64_osx-arm64-956.6-llvm22_1_h692d5aa_5.conda#b84ec86a7de90fd23133d5f527943329
https://conda.anaconda.org/conda-forge/osx-arm64/libclang-cpp22.1-22.1.8-default_h79071a4_9.conda#55ee288cf2d7e6d4581a714f7da59914
https://conda.anaconda.org/conda-forge/osx-arm64/libgfortran-16.1.0-h07b0088_3.conda#2f30dc9609b79a0154f0aac6fc23f39e
https://conda.anaconda.org/conda-forge/osx-arm64/llvm-tools-22-22.1.8-h79441dc_2.conda#dffb5b6ba46221e9c287d09721e8ac9f
https://conda.anaconda.org/conda-forge/osx-arm64/cairo-1.18.4-he0f2337_1.conda#36200ecfbbfbcb82063c87725434161f
https://conda.anaconda.org/conda-forge/osx-arm64/clang-22-22.1.8-default_h54a73ef_9.conda#46a43a8b768f4abd45995a0ec92581f3
https://conda.anaconda.org/conda-forge/osx-arm64/ld64-956.6-llvm22_1_h5b97f1b_5.conda#e36ce4ef652fd1d571d32df59e6aafe6
https://conda.anaconda.org/conda-forge/osx-arm64/libclang13-22.1.8-default_h54a73ef_9.conda#349f80d4b7d80b25c88c00cb5eac5f74
https://conda.anaconda.org/conda-forge/osx-arm64/libopenblas-0.3.34-openmp_he657e61_0.conda#89d28fb841cf16211318524fa985e384
https://conda.anaconda.org/conda-forge/osx-arm64/llvm-tools-22.1.8-hdb3d66b_2.conda#0b33be5a03e3f7ac75fdbbde668d8185
https://conda.anaconda.org/conda-forge/osx-arm64/cctools_impl_osx-arm64-1030.6.3-llvm22_1_h7bf7afb_5.conda#65296f920674a115310cc3f3ce1bc8fc
https://conda.anaconda.org/conda-forge/osx-arm64/clang-scan-deps-22.1.8-default_h79071a4_9.conda#d61a52eada41177a1734e2fae4715878
https://conda.anaconda.org/conda-forge/osx-arm64/libblas-3.11.0-9_h51639a9_openblas.conda#cb1f85be9d88af453fcda3dfba995099
https://conda.anaconda.org/conda-forge/osx-arm64/libharfbuzz-14.3.1-hcda0f7c_0.conda#1631ca9ffe7d368850904baa1df1abf4
https://conda.anaconda.org/conda-forge/osx-arm64/poppler-26.07.0-h4cfec15_3.conda#0a477ba01d6418f51a114f63cb64a9b5
https://conda.anaconda.org/conda-forge/osx-arm64/cctools-1030.6.3-llvm22_1_hbe26303_5.conda#ee35bbae0edb9cc3b69445b0e8f90773
https://conda.anaconda.org/conda-forge/osx-arm64/cctools_osx-arm64-1030.6.3-llvm22_1_hbe26303_5.conda#6426ea39a027d0fb8013521b40b1b095
https://conda.anaconda.org/conda-forge/osx-arm64/clang_impl_osx-arm64-22.1.8-default_h79071a4_9.conda#2aa1656f46395a10bb9e666b7398a368
https://conda.anaconda.org/conda-forge/osx-arm64/libcblas-3.11.0-9_hb0561ab_openblas.conda#a7b6ba94e3ca58bc7d4e1ae4ff95c215
https://conda.anaconda.org/conda-forge/osx-arm64/libharfbuzz-devel-14.3.1-hcda0f7c_0.conda#911b746bffebd782ea8d53e663b0269c
https://conda.anaconda.org/conda-forge/osx-arm64/liblapack-3.11.0-9_hd9741b5_openblas.conda#ecc87ca1e25bd94a08c82904eb4e6846
https://conda.anaconda.org/conda-forge/osx-arm64/pango-1.58.2-hf80efc4_0.conda#83c3d3d895dd96f87b0a1916e2c41f70
https://conda.anaconda.org/conda-forge/osx-arm64/clang-22.1.8-default_cfg_ha85103e_9.conda#a43e75e98ff89a12eb00c4ff8c129708
https://conda.anaconda.org/conda-forge/osx-arm64/clang_osx-arm64-22.1.8-hc95f77d_34.conda#1f4e1b97ecae7a6a73e3eabc59a79b16
https://conda.anaconda.org/conda-forge/osx-arm64/clangxx_impl_osx-arm64-22.1.8-default_h350d358_9.conda#cf27f388b4cac48c7c9a79434975ba82
https://conda.anaconda.org/conda-forge/osx-arm64/gsl-2.7-h6e638da_0.tar.bz2#2a2126a940e033e7225a5dc7215eea9a
https://conda.anaconda.org/conda-forge/osx-arm64/harfbuzz-14.3.1-hce30654_0.conda#4fb57d98ef4b5f335d96d3ab0f25d6ea
https://conda.anaconda.org/conda-forge/osx-arm64/clangxx_osx-arm64-22.1.8-hc95f77d_34.conda#39cd8098b0da45caccb268c0ac3872f6
https://conda.anaconda.org/conda-forge/osx-arm64/gcc_impl_osx-arm64-16.1.0-h2d6a911_3.conda#e824aa00585ae649cb7e559a306fa69b
https://conda.anaconda.org/conda-forge/osx-arm64/gfortran_impl_osx-arm64-16.1.0-h68f779f_3.conda#81b3955d608bd8a75ceefb22e33a4ed4
https://conda.anaconda.org/conda-forge/osx-arm64/r-base-4.5.3-h35b0bb1_3.conda#0336e0e98df69b34e4952f77f07e8cf2
https://conda.anaconda.org/bioconda/osx-arm64/bioconductor-preprocesscore-1.72.0-r45hcc2f086_0.conda#588c7006752caeedb64cc21c3155af9e
https://conda.anaconda.org/bioconda/osx-arm64/bioconductor-rhtslib-3.6.0-r45hcc2f086_0.conda#fd9aa084ec57a67e37be6a2e69e075c1
https://conda.anaconda.org/bioconda/noarch/bioconductor-tximport-1.38.2-r45hdfd78af_0.conda#92d266813e43e49ff044dc96d2438d2e
https://conda.anaconda.org/conda-forge/noarch/r-abind-1.4_8-r45hc72bb7e_1.conda#dde4691fe168112a90efba6aaa08f13d
https://conda.anaconda.org/conda-forge/noarch/r-assertthat-0.2.1-r45hc72bb7e_6.conda#b5291c60f52b43108a2973ba6f5885d1
https://conda.anaconda.org/conda-forge/osx-arm64/r-base64enc-0.1_6-r45hbe92478_0.conda#b813ab383126268f375504b4f017dfce
https://conda.anaconda.org/conda-forge/noarch/r-bh-1.90.0_1-r45hc72bb7e_0.conda#3424e2dc84315db5aa590ffebabd11c7
https://conda.anaconda.org/conda-forge/noarch/r-biocmanager-1.30.27-r45hc72bb7e_0.conda#f1b6b9a4e77b21df8a6949102db4f468
https://conda.anaconda.org/conda-forge/osx-arm64/r-bit-4.6.0-r45h6168396_1.conda#8e0133f2b8cffef8f47c1c743ff87f37
https://conda.anaconda.org/conda-forge/osx-arm64/r-bitops-1.0_9-r45h6168396_1.conda#a6b763f5eb178549955218c5cfb76dde
https://conda.anaconda.org/conda-forge/osx-arm64/r-cli-3.6.6-r45h1380947_0.conda#13eb6bb352f65c61c6553c7037a27b90
https://conda.anaconda.org/conda-forge/noarch/r-clipr-0.8.1-r45hc72bb7e_0.conda#6d3690eb86e7fdea974915a5ce963561
https://conda.anaconda.org/conda-forge/noarch/r-codetools-0.2_20-r45hc72bb7e_2.conda#8e9e5b14f74a6040c77e0b9c8bfa84ca
https://conda.anaconda.org/conda-forge/osx-arm64/r-colorspace-2.1_3-r45hbe92478_0.conda#1b453b344f57f0df34b7853bf65a6b94
https://conda.anaconda.org/conda-forge/noarch/r-cpp11-0.5.5-r45h785f33e_0.conda#71c68a3993a696b6b75f7a6550b3750f
https://conda.anaconda.org/conda-forge/noarch/r-crayon-1.5.3-r45hc72bb7e_2.conda#4f111ce078b9690abaad6248b831a370
https://conda.anaconda.org/conda-forge/osx-arm64/r-curl-7.1.0-r45h090641b_0.conda#31134c5ca2a312dfd511960ad0a5e760
https://conda.anaconda.org/conda-forge/osx-arm64/r-data.table-1.18.4-r45h73351a1_0.conda#e479db8345cd93642ef94e0260bb83da
https://conda.anaconda.org/conda-forge/noarch/r-dbi-1.3.0-r45hc72bb7e_0.conda#8a912a3730695141b5566202130a11e1
https://conda.anaconda.org/conda-forge/osx-arm64/r-deldir-2.0_4-r45hd097873_2.conda#78614b6c9491adb7958d254a962a7bf4
https://conda.anaconda.org/conda-forge/osx-arm64/r-digest-0.6.39-r45hc1cd577_0.conda#7f7d936d7653327ab8b53f6d85c95178
https://conda.anaconda.org/conda-forge/noarch/r-evaluate-1.0.5-r45hc72bb7e_1.conda#4e0c71ab78d7292372a89d4daecb49af
https://conda.anaconda.org/conda-forge/osx-arm64/r-fansi-1.0.7-r45h6168396_0.conda#6b8605f97d9e95528160a84bfb70c99e
https://conda.anaconda.org/conda-forge/osx-arm64/r-farver-2.1.2-r45hc1cd577_2.conda#89f9a5e9c39a9c2397834bd1c0570c84
https://conda.anaconda.org/conda-forge/osx-arm64/r-fastmap-1.2.0-r45hc1cd577_2.conda#0ac8272c2d15122bf543dfd8c72654c1
https://conda.anaconda.org/conda-forge/osx-arm64/r-filelock-1.0.3-r45h6168396_2.conda#0f122f1df0d9d52b78e77844feb6c905
https://conda.anaconda.org/conda-forge/noarch/r-formatr-1.14-r45hc72bb7e_3.conda#3dad22a8c852252cd10f7a0cb79885f3
https://conda.anaconda.org/conda-forge/osx-arm64/r-fs-2.1.0-r45h45a6d21_0.conda#bf100b23de93cd2d2f049d6584e7328b
https://conda.anaconda.org/conda-forge/noarch/r-futile.options-1.0.1-r45hc72bb7e_1006.conda#081a9311f5a9731b80162c71212d3203
https://conda.anaconda.org/conda-forge/noarch/r-generics-0.1.4-r45hc72bb7e_1.conda#f19c9493b80f63a41fa017ec3b27bc2e
https://conda.anaconda.org/conda-forge/noarch/r-getopt-1.21.1-r45ha770c72_0.conda#b3a121ed6a71f3b674859ccbb15ad56b
https://conda.anaconda.org/conda-forge/osx-arm64/r-glue-1.8.1-r45hbe92478_0.conda#b1c2c7d2f66f04cc3e32aeb679df3371
https://conda.anaconda.org/conda-forge/noarch/r-hwriter-1.3.2.1-r45hc72bb7e_4.conda#2d3276c39b84a4fb5e5f32cab46421e4
https://conda.anaconda.org/conda-forge/osx-arm64/r-jpeg-0.1_11-r45h5b307b8_1.conda#c1162a963614a66d79cb1a5022843e20
https://conda.anaconda.org/conda-forge/osx-arm64/r-jsonlite-2.0.0-r45h6168396_1.conda#16f0458678d7fd9d7237e9e330a35ad1
https://conda.anaconda.org/conda-forge/noarch/r-labeling-0.4.3-r45hc72bb7e_2.conda#a41490fdf607381035aa0304c21407c9
https://conda.anaconda.org/conda-forge/osx-arm64/r-lattice-0.23_1-r45hb5b23e3_0.conda#1fc4bd557b6b79d07b26bfc41f75c5ea
https://conda.anaconda.org/conda-forge/osx-arm64/r-magrittr-2.0.5-r45hbe92478_0.conda#468b3435e642c4249ef91f030cac4586
https://conda.anaconda.org/conda-forge/osx-arm64/r-mass-7.3_66-r45h4b407c4_0.conda#4105c4bb7836d9600039d62bce79498c
https://conda.anaconda.org/conda-forge/osx-arm64/r-matrixstats-1.5.0-r45h6168396_1.conda#d7d02df01af3e5f0f8e9833816874da6
https://conda.anaconda.org/conda-forge/osx-arm64/r-mime-0.13-r45h6168396_1.conda#a9833ab9170b98ec7652017c4dbc8864
https://conda.anaconda.org/conda-forge/noarch/r-otel-0.2.0-r45hc72bb7e_1.conda#560abd550c097e0d0af2e201b335f53d
https://conda.anaconda.org/conda-forge/noarch/r-pkgconfig-2.0.3-r45hc72bb7e_5.conda#40a5fdd06c7e7880758a021cf2df6c12
https://conda.anaconda.org/conda-forge/osx-arm64/r-png-0.1_9-r45h2ec861d_0.conda#12d19fc6242529e1e541bc206d263579
https://conda.anaconda.org/conda-forge/osx-arm64/r-polyclip-1.10_7-r45hc1cd577_1.conda#642ca41bc1c1f5eb146052fff1e4145f
https://conda.anaconda.org/conda-forge/noarch/r-r.methodss3-1.8.2-r45hc72bb7e_4.conda#491826d3aaedc8f5e71aec5ddd24df26
https://conda.anaconda.org/conda-forge/noarch/r-r6-2.6.1-r45hc72bb7e_1.conda#750802806d7d640c286ed8491bb395dc
https://conda.anaconda.org/conda-forge/osx-arm64/r-rappdirs-0.3.4-r45hbe92478_0.conda#667294a150ce70d4fa47e7599faa58b3
https://conda.anaconda.org/conda-forge/noarch/r-rcircos-1.2.2-r45hc72bb7e_4.conda#780abb20e6e0f43e4d32f40f00b71513
https://conda.anaconda.org/conda-forge/noarch/r-rcolorbrewer-1.1_3-r45h785f33e_4.conda#d8fa238420cb6de47d463b7345a761eb
https://conda.anaconda.org/conda-forge/osx-arm64/r-rcpp-1.1.2-r45h1380947_0.conda#649efc55c39bfa0f53a5245efe57e839
https://conda.anaconda.org/conda-forge/osx-arm64/r-rjson-0.2.23-r45hc1cd577_1.conda#c2b023ee26b0065618500f161af05d4a
https://conda.anaconda.org/conda-forge/osx-arm64/r-rlang-1.3.0-r45h1380947_0.conda#e3fd60aebf0b7178600f174c2e21f214
https://conda.anaconda.org/umccr/noarch/r-rnasum.data-0.1.2-r45_0.tar.bz2#95b915ba0aa27d816b968d843e647386
https://conda.anaconda.org/conda-forge/noarch/r-rprojroot-2.1.1-r45hc72bb7e_1.conda#e1b7c51411ad3dd2a95aea6d466b12f7
https://conda.anaconda.org/conda-forge/osx-arm64/r-s7-0.2.2-r45hbe92478_0.conda#5c7bd2852562989d6d986ff71dc7f6ff
https://conda.anaconda.org/conda-forge/noarch/r-snow-0.4_4-r45hc72bb7e_4.conda#911762b49f2659a1b3d6789a27674c72
https://conda.anaconda.org/conda-forge/osx-arm64/r-statmod-1.5.2-r45h95dfc9f_0.conda#cf07183846ee8a510d0c550e3bda843c
https://conda.anaconda.org/conda-forge/osx-arm64/r-stringi-1.8.9-r45h6b882aa_0.conda#62eb133376972be42ffacf7596171f4e
https://conda.anaconda.org/conda-forge/osx-arm64/r-sys-3.4.3-r45h6168396_1.conda#b7876a5fa31ef5b7041d2e9805cf31f2
https://conda.anaconda.org/conda-forge/osx-arm64/r-utf8-1.2.6-r45h6168396_1.conda#7f3d77dd38b1228dadadc00a7f01fa79
https://conda.anaconda.org/conda-forge/noarch/r-viridislite-0.4.3-r45hc72bb7e_0.conda#bcadc0a3726e2191e51449f67fa5e0a9
https://conda.anaconda.org/conda-forge/noarch/r-withr-3.0.3-r45hc72bb7e_0.conda#388d25e67f93a5fec2aebe56d6a0a1d9
https://conda.anaconda.org/conda-forge/osx-arm64/r-xfun-0.60-r45h4b407c4_0.conda#81d6026a6cd21d8215b3e3138d675653
https://conda.anaconda.org/conda-forge/osx-arm64/r-xml-3.99_0.23-r45hbd2224f_0.conda#95f1f03f69ec8b0008092ba087274a6a
https://conda.anaconda.org/conda-forge/osx-arm64/r-yaml-2.3.12-r45h6168396_0.conda#c4f28e09a7a80da7ab1924ad2eff716d
https://conda.anaconda.org/bioconda/noarch/bioconductor-biocgenerics-0.56.0-r45hdfd78af_2.conda#27556377d159490ea87696727ae41808
https://conda.anaconda.org/bioconda/osx-arm64/bioconductor-limma-3.66.0-r45hcc2f086_0.conda#647c2495e0f401c4972ff860bbe74766
https://conda.anaconda.org/bioconda/noarch/bioconductor-matrixgenerics-1.22.0-r45hdfd78af_1.conda#cdf0406fc3caa814ff7b7876a42973a5
https://conda.anaconda.org/conda-forge/osx-arm64/r-askpass-1.2.1-r45h6168396_1.conda#795fc9184553e27be2531731052e34b4
https://conda.anaconda.org/conda-forge/osx-arm64/r-bit64-4.8.4-r45h864cdf1_0.conda#5fda1046f49006c4997153b5981f5bc1
https://conda.anaconda.org/conda-forge/osx-arm64/r-cachem-1.1.0-r45h6168396_2.conda#bea2527cc3dcef07ad7f7ce24c6acd78
https://conda.anaconda.org/conda-forge/osx-arm64/r-ellipsis-0.3.3-r45hbe92478_0.conda#5e0e265490c4114a3b8a2ee3d7a8a830
https://conda.anaconda.org/conda-forge/noarch/r-here-1.0.2-r45hc72bb7e_0.conda#b285c2128264a05cd51477ebe6766d54
https://conda.anaconda.org/conda-forge/osx-arm64/r-hexbin-1.28.6-r45hae7ecd7_0.conda#3801a0eff5b085df3b67830263aa2fa5
https://conda.anaconda.org/conda-forge/noarch/r-highr-0.12-r45hc72bb7e_0.conda#0b5902d6af02a23bda1794d46090db42
https://conda.anaconda.org/conda-forge/osx-arm64/r-isoband-0.3.0-r45hc1cd577_0.conda#32a70f240b21aea1366f13912eb83e4b
https://conda.anaconda.org/conda-forge/noarch/r-lambda.r-1.2.4-r45hc72bb7e_5.conda#0861be0be982bc68a0ec46255331fb63
https://conda.anaconda.org/conda-forge/osx-arm64/r-later-1.4.8-r45h1380947_0.conda#02bc8fb7d58933172df874043ec219d1
https://conda.anaconda.org/conda-forge/osx-arm64/r-lazyeval-0.2.3-r45h4b407c4_0.conda#8aeff1bc05986651afcce76a760483cc
https://conda.anaconda.org/conda-forge/noarch/r-lifecycle-1.0.5-r45hc72bb7e_0.conda#5f8369dfbdff08878e58bf15529fca3a
https://conda.anaconda.org/conda-forge/osx-arm64/r-locfit-1.5_9.12-r45h6168396_1.conda#00d3f8c681dd0cab1805150eea5e6fe6
https://conda.anaconda.org/conda-forge/osx-arm64/r-matrix-1.7_6-r45h3f89421_0.conda#8df378a3207b4361dc783d6892d57edc
https://conda.anaconda.org/conda-forge/noarch/r-munsell-0.5.1-r45hc72bb7e_2.conda#c78bd534986cde8fc0cb08cc9a1a2cc6
https://conda.anaconda.org/conda-forge/noarch/r-optparse-1.8.2-r45hc72bb7e_0.conda#0c015ba0c5444777a683c05e4a000f21
https://conda.anaconda.org/conda-forge/noarch/r-prettyunits-1.2.0-r45hc72bb7e_2.conda#07465728b1fd99d28b286156dac895a3
https://conda.anaconda.org/conda-forge/noarch/r-r.oo-1.27.1-r45hc72bb7e_1.conda#39bd43593006907bbea339b24a904ade
https://conda.anaconda.org/conda-forge/osx-arm64/r-rcurl-1.98_1.19-r45h8e7e176_0.conda#cd4dde5055d0c5550ce64ccdbe6ecc28
https://conda.anaconda.org/conda-forge/noarch/r-sessioninfo-1.2.4-r45hc72bb7e_0.conda#be02ed4e441b3dbe719bd8c7e248fcfd
https://conda.anaconda.org/conda-forge/noarch/r-tinytex-0.60-r45hc72bb7e_0.conda#5ee226c1449c66d1cd2399d942faa04d
https://conda.anaconda.org/conda-forge/osx-arm64/r-tzdb-0.5.0-r45hc1cd577_2.conda#81005b5a363688ca0f55076f3f02dbba
https://conda.anaconda.org/conda-forge/osx-arm64/r-xml2-1.6.0-r45habafc95_0.conda#5943471e6777852de41cfbfd6a6481ac
https://conda.anaconda.org/bioconda/osx-arm64/bioconductor-biobase-2.70.0-r45hcc2f086_0.conda#37b12e65c2d027f1c3685451e702250c
https://conda.anaconda.org/bioconda/osx-arm64/bioconductor-edger-4.8.2-r45h6cc0085_1.conda#40ec86f40790783e1d90e6757b2a547e
https://conda.anaconda.org/bioconda/osx-arm64/bioconductor-s4vectors-0.48.0-r45hcc2f086_1.conda#81169f5671ad97add17d0632301aca3d
https://conda.anaconda.org/conda-forge/noarch/r-futile.logger-1.4.9-r45hc72bb7e_0.conda#3e6624f557885c40a1ea48442734f7e3
https://conda.anaconda.org/conda-forge/noarch/r-gtable-0.3.6-r45hc72bb7e_1.conda#f686123cfba49e6299fae7e029a40266
https://conda.anaconda.org/conda-forge/osx-arm64/r-htmltools-0.5.9-r45hc1cd577_0.conda#eaaf5ce4bf4665bccd96bb3006f5fd87
https://conda.anaconda.org/conda-forge/noarch/r-knitr-1.51-r45hc72bb7e_0.conda#35b31b96aa7bc052ad6347322a1481f1
https://conda.anaconda.org/conda-forge/noarch/r-memoise-2.0.1-r45hc72bb7e_4.conda#2b04206ff6ea5a92e8e36bdaa5feb3cc
https://conda.anaconda.org/conda-forge/osx-arm64/r-openssl-2.4.2-r45h3dca6d3_0.conda#9f8822838375fd1d6f3ff3114652f320
https://conda.anaconda.org/conda-forge/noarch/r-promises-1.5.0-r45hc72bb7e_1.conda#b2c1b6ef8f12894fd2694b285fe8989a
https://conda.anaconda.org/conda-forge/osx-arm64/r-qpdf-1.4.1-r45h6553e4e_2.conda#91100148578e167ec4c58c0cc9037e0d
https://conda.anaconda.org/conda-forge/noarch/r-r.utils-2.13.0-r45hc72bb7e_1.conda#3e01265486a11af09548f143dd5c20f8
https://conda.anaconda.org/conda-forge/osx-arm64/r-rcppeigen-0.3.4.0.2-r45hd057375_1.conda#e75aff545233472b7e1f1249f952b664
https://conda.anaconda.org/conda-forge/noarch/r-scales-1.4.0-r45hc72bb7e_1.conda#8bc81cc6fd130cef963bc9e082726a14
https://conda.anaconda.org/conda-forge/osx-arm64/r-systemfonts-1.3.2-r45hff64bdd_0.conda#751f3ff70724fb9eb69ac484db941e25
https://conda.anaconda.org/conda-forge/osx-arm64/r-vctrs-0.7.3-r45h1380947_0.conda#242bbcd2cd9fa3d2d9a6c4cbb0ada3fb
https://conda.anaconda.org/bioconda/noarch/bioconductor-aroma.light-3.40.0-r45hdfd78af_0.conda#ddf819f1a33dc966ba8829195c0ef4c0
https://conda.anaconda.org/bioconda/noarch/bioconductor-biocio-1.20.0-r45hdfd78af_0.conda#53e2a6d181467eb5651e4696165763b3
https://conda.anaconda.org/bioconda/osx-arm64/bioconductor-biocparallel-1.44.0-r45h97584a2_1.conda#c1043e90b9d32f3a22164a0863eaa120
https://conda.anaconda.org/bioconda/osx-arm64/bioconductor-iranges-2.44.0-r45hcc2f086_1.conda#e3cd2c63f980615e69fa9713347ba262
https://conda.anaconda.org/conda-forge/noarch/r-blob-1.3.0-r45hc72bb7e_0.conda#a5401d5f7b44aa4b805abc756ddb403a
https://conda.anaconda.org/conda-forge/noarch/r-conflicted-1.2.0-r45h785f33e_3.conda#2e8d42c3cdd4847e365942eb7ab3bc33
https://conda.anaconda.org/conda-forge/noarch/r-crosstalk-1.2.2-r45hc72bb7e_1.conda#523a15023a79bd6f0dcb95ba6756ceed
https://conda.anaconda.org/conda-forge/noarch/r-fontawesome-0.5.3-r45hc72bb7e_1.conda#e9fccb3617ec9776569c6496fa254e64
https://conda.anaconda.org/conda-forge/noarch/r-ggplot2-4.0.3-r45h785f33e_0.conda#866fbbf3f356140922d618f26f2b889c
https://conda.anaconda.org/conda-forge/noarch/r-hms-1.1.4-r45hc72bb7e_0.conda#4677c1ad37a9452e27e27d9ed1b8ae90
https://conda.anaconda.org/conda-forge/osx-arm64/r-httpuv-1.6.17-r45h1b96ac6_0.conda#5be1e73f90d34f1af94c14b5df14bd8f
https://conda.anaconda.org/conda-forge/noarch/r-httr-1.4.8-r45hc72bb7e_0.conda#259658089c383f2915b167da3e7890aa
https://conda.anaconda.org/conda-forge/noarch/r-httr2-1.3.0-r45hc72bb7e_0.conda#b240e3c0e61de35f1f43729f4ea2888e
https://conda.anaconda.org/conda-forge/osx-arm64/r-interp-1.1_6-r45hbf3f414_3.conda#d65f2296a2d594b324939c74553128f6
https://conda.anaconda.org/conda-forge/noarch/r-jquerylib-0.1.4-r45hc72bb7e_4.conda#49a9ed6ed01f4ae6067ead552795bfce
https://conda.anaconda.org/conda-forge/osx-arm64/r-pdftools-3.9.0-r45h106ed51_1.conda#17a659f502a37dc06912a7bd023c0aa6
https://conda.anaconda.org/conda-forge/noarch/r-pillar-1.11.1-r45hc72bb7e_0.conda#807ef77a70fc5156f830d6c683d07a29
https://conda.anaconda.org/conda-forge/osx-arm64/r-purrr-1.2.2-r45hbe92478_0.conda#32ca584067d8efa35d4cfc4e5f81472b
https://conda.anaconda.org/bioconda/osx-arm64/r-restfulr-0.0.17-r45hbeb1ac3_0.conda#c037fcf7d1fd7500336d516fab47123b
https://conda.anaconda.org/conda-forge/osx-arm64/r-sass-0.4.10-r45hc1cd577_1.conda#1990fe8bc0490e71fda361caebb2614b
https://conda.anaconda.org/conda-forge/noarch/r-stringr-1.6.0-r45h785f33e_0.conda#8db438d8aa370726ee1ce8bf458f2e6d
https://conda.anaconda.org/conda-forge/osx-arm64/r-textshaping-1.0.5-r45hff64bdd_0.conda#29e940515faafaebdd00cff6725c1d46
https://conda.anaconda.org/conda-forge/noarch/r-tidyselect-1.2.1-r45hc72bb7e_2.conda#15aa0f323385403fe182e46a1d095e1b
https://conda.anaconda.org/conda-forge/osx-arm64/r-tweenr-2.0.3-r45hc1cd577_2.conda#6f17f8952117dbba1080c6f2a925d260
https://conda.anaconda.org/bioconda/osx-arm64/bioconductor-s4arrays-1.10.1-r45hcc2f086_0.conda#722de96c29927f9f698835e250742dba
https://conda.anaconda.org/bioconda/noarch/bioconductor-seqinfo-1.0.0-r45hdfd78af_0.conda#cfe7c256532f9a4fc87ec3be955bb9e6
https://conda.anaconda.org/bioconda/osx-arm64/bioconductor-xvector-0.50.0-r45hcc2f086_0.conda#77f271f08ada07c89a73843df167e4f0
https://conda.anaconda.org/conda-forge/noarch/r-bslib-0.12.0-r45hc72bb7e_0.conda#62a97fa00e2f48b594a592dbcbfbe8a5
https://conda.anaconda.org/conda-forge/osx-arm64/r-ggforce-0.5.0-r45hc1cd577_1.conda#3690d605ffc62cede34bdc331b646629
https://conda.anaconda.org/conda-forge/noarch/r-latticeextra-0.6_31-r45hc72bb7e_0.conda#e73f98941eef4322be7e248278a1b0aa
https://conda.anaconda.org/conda-forge/noarch/r-progress-1.2.3-r45hc72bb7e_2.conda#619b691b0965c6894eb99d3851857df7
https://conda.anaconda.org/conda-forge/osx-arm64/r-ragg-1.5.2-r45hdc8ef2b_0.conda#4f3742a601c8c70e0ff36cfbd711362b
https://conda.anaconda.org/conda-forge/osx-arm64/r-rsqlite-3.53.3-r45h44e2d15_0.conda#e673bc712d2a839114f5959228c502ac
https://conda.anaconda.org/conda-forge/osx-arm64/r-tibble-3.3.1-r45hbe92478_0.conda#e998c11872a46c0d8262a50ff02e7ac3
https://conda.anaconda.org/bioconda/osx-arm64/bioconductor-biostrings-2.78.0-r45hcc2f086_0.conda#8fdb471262211c95367911ba07d219af
https://conda.anaconda.org/bioconda/osx-arm64/bioconductor-genomicranges-1.62.1-r45hcc2f086_0.conda#e3ffac54edd3e6b6b75bb8572e9ff1f8
https://conda.anaconda.org/bioconda/osx-arm64/bioconductor-sparsearray-1.10.8-r45hcc2f086_0.conda#1169f18ce8e5fa4894a7a936bfe2e496
https://conda.anaconda.org/conda-forge/osx-arm64/r-dplyr-1.2.1-r45h1380947_0.conda#2440fcf2242a8c18f0f2261f6f270ee9
https://conda.anaconda.org/conda-forge/noarch/r-rmarkdown-2.31-r45hc72bb7e_0.conda#25b9dbf0ff990b8b3111774878e3bb07
https://conda.anaconda.org/conda-forge/osx-arm64/r-vroom-1.7.1-r45h1380947_0.conda#a8228cab224ee554b8e38a658317a566
https://conda.anaconda.org/bioconda/osx-arm64/bioconductor-cigarillo-1.0.0-r45hcc2f086_0.conda#308176f777a041694d0f089cd57eccfd
https://conda.anaconda.org/bioconda/osx-arm64/bioconductor-delayedarray-0.36.0-r45hcc2f086_0.conda#5baee1aad44cffa2d75e4a1d98ab30a5
https://conda.anaconda.org/bioconda/noarch/bioconductor-keggrest-1.50.0-r45hdfd78af_0.conda#c96e2ad4f63389243760a93d1cc5ea8a
https://conda.anaconda.org/bioconda/osx-arm64/bioconductor-pwalign-1.6.0-r45h6cc0085_1.conda#75fb4cfb85cef77fcaa92f47ba0d4f0f
https://conda.anaconda.org/bioconda/osx-arm64/bioconductor-rsamtools-2.26.0-r45h97584a2_0.conda#3cae190627c7f00e7f282ccf6b7e7a47
https://conda.anaconda.org/conda-forge/noarch/r-htmlwidgets-1.6.4-r45h785f33e_4.conda#6f767715f90e7caf17af72959bfcb11e
https://conda.anaconda.org/conda-forge/osx-arm64/r-readr-2.2.0-r45h1380947_0.conda#96a607359fea08e2ec8c6da43a617a4b
https://conda.anaconda.org/conda-forge/osx-arm64/r-tidyr-1.3.2-r45h1380947_0.conda#6acbcd70079ec83782d1fe54058702a3
https://conda.anaconda.org/bioconda/noarch/bioconductor-annotationdbi-1.72.0-r45hdfd78af_0.conda#afb673e14ff4d43d31603e2ef8574ca0
https://conda.anaconda.org/bioconda/noarch/bioconductor-summarizedexperiment-1.40.0-r45hdfd78af_0.conda#74eb95090e807c18f5bc81cb9fb39b3c
https://conda.anaconda.org/conda-forge/noarch/r-dbplyr-2.6.0-r45hc72bb7e_0.conda#6861115d98e755213448b0bd9570509a
https://conda.anaconda.org/conda-forge/noarch/r-dt-0.34.0-r45hc72bb7e_1.conda#b78224895a1ad7fb52311ab071c2ec00
https://conda.anaconda.org/conda-forge/noarch/r-plotly-4.12.1-r45hc72bb7e_0.conda#f49a3dafb01430e8e722d6d83be5e52e
https://conda.anaconda.org/bioconda/noarch/bioconductor-biocfilecache-3.0.0-r45hdfd78af_0.conda#65dcee71f0187a8c8f3e80bd7d738f25
https://conda.anaconda.org/bioconda/osx-arm64/bioconductor-genomicalignments-1.46.0-r45hcc2f086_0.conda#77a5f3ac7d4129d786b7a4747c571f6a
https://conda.anaconda.org/bioconda/noarch/bioconductor-biomart-2.66.1-r45hdfd78af_0.conda#8f7310ac8faa391076c7e9c42843d516
https://conda.anaconda.org/bioconda/osx-arm64/bioconductor-rtracklayer-1.70.1-r45hcc2f086_0.conda#50cc5157fda3978b56b563eb8eb57e7b
https://conda.anaconda.org/bioconda/osx-arm64/bioconductor-shortread-1.68.0-r45h97584a2_0.conda#599ef24a96ee0b378ca73d8678a941f5
https://conda.anaconda.org/bioconda/noarch/bioconductor-genomicfeatures-1.62.0-r45hdfd78af_0.conda#c9e0e6f5df0ea69fef96a4a897e5ae96
https://conda.anaconda.org/bioconda/noarch/bioconductor-edaseq-2.44.0-r45hdfd78af_0.conda#46b098333d2d50352803127b6f38146e
https://conda.anaconda.org/umccr/noarch/r-rnasum-2.0.4-r45_0.tar.bz2#caaee9454b0fd678ea3614ab33e37ab6
