# Generated by conda-lock.
# platform: osx-64
# input_hash: 712df64a2bc46a918643e554435ae3935afb13213befcec92cee7898a4309f34
@EXPLICIT
https://conda.anaconda.org/conda-forge/noarch/_r-mutex-1.0.1-anacondar_1.tar.bz2#19f9db5f4f1b7f5ef5f6d67207f25f38
https://conda.anaconda.org/conda-forge/osx-64/bzip2-1.0.8-h10d778d_5.conda#6097a6ca9ada32699b5fc4312dd6ef18
https://conda.anaconda.org/conda-forge/osx-64/c-ares-1.27.0-h10d778d_0.conda#713dd57081dfe8535eb961b45ed26a0c
https://conda.anaconda.org/conda-forge/osx-64/ca-certificates-2024.2.2-h8857fd0_0.conda#f2eacee8c33c43692f1ccfd33d0f50b1
https://conda.anaconda.org/conda-forge/noarch/font-ttf-dejavu-sans-mono-2.37-hab24e00_0.tar.bz2#0c96522c6bdaed4b1566d11387caaf45
https://conda.anaconda.org/conda-forge/noarch/font-ttf-inconsolata-3.000-h77eed37_0.tar.bz2#34893075a5c9e55cdafac56607368fc6
https://conda.anaconda.org/conda-forge/noarch/font-ttf-source-code-pro-2.038-h77eed37_0.tar.bz2#4d59c254e01d9cde7957100457e2d5fb
https://conda.anaconda.org/conda-forge/noarch/font-ttf-ubuntu-0.83-h77eed37_1.conda#6185f640c43843e5ad6fd1c5372c3f80
https://conda.anaconda.org/conda-forge/osx-64/fribidi-1.0.10-hbcb3906_0.tar.bz2#f1c6b41e0f56998ecd9a3e210faa1dc0
https://conda.anaconda.org/conda-forge/osx-64/jpeg-9e-hb7f2c08_3.conda#6b55131ae9445ef38746dc6b080acda9
https://conda.anaconda.org/conda-forge/osx-64/libcxx-16.0.6-hd57cbcb_0.conda#7d6972792161077908b62971802f289a
https://conda.anaconda.org/conda-forge/osx-64/libdeflate-1.17-hac1461d_0.conda#e3894420cf8b6abbf6c4d3d9742fbb4a
https://conda.anaconda.org/conda-forge/osx-64/libev-4.33-h10d778d_2.conda#899db79329439820b7e8f8de41bca902
https://conda.anaconda.org/conda-forge/osx-64/libexpat-2.6.2-h73e2aa4_0.conda#3d1d51c8f716d97c864d12f7af329526
https://conda.anaconda.org/conda-forge/osx-64/libffi-3.4.2-h0d85af4_5.tar.bz2#ccb34fb14960ad8b125962d3d79b31a9
https://conda.anaconda.org/conda-forge/noarch/libgfortran-devel_osx-64-11.4.0-h01aa347_1.conda#12ef6b75f9cb43ffb77984ea0ec45e1b
https://conda.anaconda.org/conda-forge/osx-64/libiconv-1.17-hd75f5a5_2.conda#6c3628d047e151efba7cf08c5e54d1ca
https://conda.anaconda.org/conda-forge/osx-64/libwebp-base-1.3.2-h0dc2134_0.conda#4e7e9d244e87d66c18d36894fd6a8ae5
https://conda.anaconda.org/conda-forge/osx-64/libzlib-1.2.13-h8a1eda9_5.conda#4a3ad23f6e16f99c04e166767193d700
https://conda.anaconda.org/conda-forge/osx-64/llvm-openmp-18.1.2-hb6ac08f_0.conda#e7f7e91cfabd8c7172c9ae405214dd68
https://conda.anaconda.org/conda-forge/osx-64/make-4.3-h22f3db7_1.tar.bz2#ac4a1dd58e6d821c518ae0011e8592b7
https://conda.anaconda.org/conda-forge/osx-64/ncurses-6.4.20240210-h73e2aa4_0.conda#50f28c512e9ad78589e3eab34833f762
https://conda.anaconda.org/conda-forge/osx-64/pandoc-2.19.2-h694c41f_2.conda#de3014568ff5004048dd09ba73990430
https://conda.anaconda.org/conda-forge/noarch/poppler-data-0.4.12-hd8ed1ab_0.conda#d8d7293c5b37f39b2ac32940621c6592
https://conda.anaconda.org/conda-forge/osx-64/xz-5.2.6-h775f41a_0.tar.bz2#a72f9d4ea13d55d745ff1ed594747f10
https://conda.anaconda.org/conda-forge/osx-64/expat-2.6.2-h73e2aa4_0.conda#dc0882915da2ec74696ad87aa2350f27
https://conda.anaconda.org/conda-forge/noarch/fonts-conda-forge-1-0.tar.bz2#f766549260d6815b0c52253f1fb1bb29
https://conda.anaconda.org/conda-forge/osx-64/gettext-0.21.1-h8a4c099_0.tar.bz2#1e3aff29ce703d421c43f371ad676cc5
https://conda.anaconda.org/conda-forge/osx-64/gmp-6.3.0-h73e2aa4_1.conda#92f8d748d95d97f92fc26cfac9bb5b6e
https://conda.anaconda.org/conda-forge/osx-64/graphite2-1.3.13-h2e338ed_1001.tar.bz2#5f6e7f98caddd0fc2d345b207531814c
https://conda.anaconda.org/conda-forge/osx-64/icu-70.1-h96cf925_0.tar.bz2#376635049e9b9b0bb875efd39dcd7b3b
https://conda.anaconda.org/conda-forge/osx-64/isl-0.25-hb486fe8_0.tar.bz2#45a9a46c78c0ea5c275b535f7923bde3
https://conda.anaconda.org/conda-forge/osx-64/lerc-4.0.0-hb486fe8_0.tar.bz2#f9d6a4c82889d5ecedec1d90eb673c55
https://conda.anaconda.org/conda-forge/osx-64/libedit-3.1.20191231-h0678c8f_2.tar.bz2#6016a8a1d0e63cac3de2c352cd40208b
https://conda.anaconda.org/conda-forge/osx-64/libgfortran5-13.2.0-h2873a65_3.conda#e4fb4d23ec2870ff3c40d10afe305aec
https://conda.anaconda.org/conda-forge/osx-64/libpng-1.6.43-h92b6c6a_0.conda#65dcddb15965c9de2c0365cb14910532
https://conda.anaconda.org/conda-forge/osx-64/libsqlite-3.45.2-h92b6c6a_0.conda#086f56e13a96a6cfb1bf640505ae6b70
https://conda.anaconda.org/conda-forge/osx-64/nspr-4.35-hea0b92c_0.conda#a9e56c98d13d8b7ce72bf4357317c29b
https://conda.anaconda.org/conda-forge/osx-64/openssl-1.1.1w-h8a1eda9_0.conda#83cdb687c0caa41dad9d4941afcdfd64
https://conda.anaconda.org/conda-forge/osx-64/pcre2-10.40-h1c4e4bc_0.tar.bz2#e0f80c8f3a0352a54eddfe59cd2b25b1
https://conda.anaconda.org/conda-forge/osx-64/pixman-0.43.4-h73e2aa4_0.conda#cb134c1e03fd32f4e6bea3f6de2614fd
https://conda.anaconda.org/conda-forge/osx-64/readline-8.2-h9e318b2_1.conda#f17f77f2acf4d344734bda76829ce14e
https://conda.anaconda.org/conda-forge/osx-64/tapi-1100.0.11-h9ce4665_0.tar.bz2#f9ff42ccf809a21ba6f8607f8de36108
https://conda.anaconda.org/conda-forge/osx-64/tk-8.6.13-h1abcd95_1.conda#bf830ba5afc507c6232d4ef0fb1a882d
https://conda.anaconda.org/conda-forge/osx-64/zlib-1.2.13-h8a1eda9_5.conda#75a8a98b1c4671c5d2897975731da42d
https://conda.anaconda.org/conda-forge/osx-64/zstd-1.5.5-h829000d_0.conda#80abc41d0c48b82fe0f04e7f42f5cb7e
https://conda.anaconda.org/conda-forge/osx-64/boost-cpp-1.78.0-h31500c2_2.conda#6bd95c41e38d1f7e83e4be3619245807
https://conda.anaconda.org/conda-forge/osx-64/bwidget-1.9.14-h694c41f_1.tar.bz2#bfebc1f663c38331b8d0dca32a515e95
https://conda.anaconda.org/conda-forge/noarch/fonts-conda-ecosystem-1-0.tar.bz2#fee5683a3f04bd15cbd8318b096a27ab
https://conda.anaconda.org/conda-forge/osx-64/freetype-2.12.1-h60636b9_2.conda#25152fce119320c980e5470e64834b50
https://conda.anaconda.org/conda-forge/osx-64/krb5-1.19.3-hb49756b_0.tar.bz2#e60363be26ab2a74326c06195d638447
https://conda.anaconda.org/conda-forge/osx-64/libgfortran-5.0.0-13_2_0_h97931a8_3.conda#0b6e23a012ee7a9a5f6b244f5a92c1d5
https://conda.anaconda.org/conda-forge/osx-64/libglib-2.78.1-h6d9ecee_0.conda#0282868f1debc145b732276b2fe40397
https://conda.anaconda.org/conda-forge/osx-64/libnghttp2-1.51.0-h0dd9d14_0.conda#6c83a076112d9496b4cb5f940e40023a
https://conda.anaconda.org/conda-forge/osx-64/libssh2-1.10.0-h7535e13_3.tar.bz2#acc1797f7b89018eeba2029c56dfdf0c
https://conda.anaconda.org/conda-forge/osx-64/libtiff-4.5.0-hee9004a_2.conda#35f714269a801f7c3cb522aacd3c0e69
https://conda.anaconda.org/conda-forge/osx-64/libxml2-2.10.3-h201ad9d_4.conda#2101dd548f0601be252e27e48fa532fa
https://conda.anaconda.org/conda-forge/osx-64/mpfr-4.2.1-h0c69b56_0.conda#d545aecded064848432bc994075dfccf
https://conda.anaconda.org/conda-forge/osx-64/nss-3.98-ha05da47_0.conda#79d062716d8e1f77cf806c6fe0f4405c
https://conda.anaconda.org/conda-forge/osx-64/sigtool-0.1.3-h57ddcff_0.tar.bz2#e0dcb354df4ad4f79539d57e4f8ec1bd
https://conda.anaconda.org/conda-forge/osx-64/tktable-2.10-ha166976_5.conda#602295ab8aad142337605f1f9ef77640
https://conda.anaconda.org/conda-forge/osx-64/fontconfig-2.14.2-h5bb23bf_0.conda#86cc5867dfbee4178118392bae4a3c89
https://conda.anaconda.org/conda-forge/osx-64/lcms2-2.15-h29502cd_0.conda#4f448677a99bfc41d3bd538c1302f1fb
https://conda.anaconda.org/conda-forge/osx-64/libcurl-7.86.0-h57eb407_1.tar.bz2#edf3eb7cd24741ae15c18ac0a10e84e8
https://conda.anaconda.org/conda-forge/osx-64/libllvm16-16.0.1-h7001e86_0.conda#9132098d615b9c910060393c87233513
https://conda.anaconda.org/conda-forge/osx-64/libopenblas-0.3.26-openmp_hfef2a42_0.conda#9df60162aea811087267b515f359536c
https://conda.anaconda.org/conda-forge/osx-64/mpc-1.3.1-h81bd1dd_0.conda#c752c0eb6c250919559172c011e5f65b
https://conda.anaconda.org/conda-forge/osx-64/openjpeg-2.5.0-h13ac156_2.conda#299a29af9ac9f550ad459d655739280b
https://conda.anaconda.org/conda-forge/osx-64/cairo-1.16.0-h904041c_1014.tar.bz2#2e7b4350178ed52bb6fd2b1ecbeeed4f
https://conda.anaconda.org/conda-forge/osx-64/curl-7.86.0-h57eb407_1.tar.bz2#66971030ca300059cb6fbd27da348e10
https://conda.anaconda.org/conda-forge/osx-64/gfortran_impl_osx-64-11.4.0-h2a33dde_1.conda#6c24b0b3caab262394b5d57bae2a2c08
https://conda.anaconda.org/conda-forge/osx-64/ld64_osx-64-609-hbfe4790_13.conda#db5b18302e29e823656f2a7a69df7bd9
https://conda.anaconda.org/conda-forge/osx-64/libblas-3.9.0-21_osx64_openblas.conda#23286066c595986aa0df6452a8416c08
https://conda.anaconda.org/conda-forge/osx-64/libclang-cpp16-16.0.1-default_hd25f202_0.conda#5e694cf30485a5b8325b5e23113a8d79
https://conda.anaconda.org/conda-forge/osx-64/llvm-tools-16.0.1-h7001e86_0.conda#6c2c2a3d5cbd90b53c2e8b3330260dc4
https://conda.anaconda.org/conda-forge/osx-64/cctools_osx-64-973.0.1-h5676edf_13.conda#86fa34ad281d649490b616b7026e8f7e
https://conda.anaconda.org/conda-forge/osx-64/clang-16-16.0.1-default_hd25f202_0.conda#58c912519e1e3d0e1a3756f98c4d50a4
https://conda.anaconda.org/conda-forge/osx-64/harfbuzz-6.0.0-h08f8713_0.conda#3852d6ef7b77da3e81074a8e487e7df5
https://conda.anaconda.org/conda-forge/osx-64/libcblas-3.9.0-21_osx64_openblas.conda#7a1b54774bad723e8ba01ca48eb301b5
https://conda.anaconda.org/conda-forge/osx-64/liblapack-3.9.0-21_osx64_openblas.conda#cf0e4d82cfca6cd9d6c9ed3df45907c9
https://conda.anaconda.org/conda-forge/osx-64/poppler-22.12.0-h6e9091c_1.conda#1d8cbcffea2c5ac4b315b06e0d48cbf7
https://conda.anaconda.org/conda-forge/osx-64/clang-16.0.1-h49458c0_0.conda#84c53046b4349bde49bdf1cd74c2b431
https://conda.anaconda.org/conda-forge/osx-64/gsl-2.7-h93259b0_0.tar.bz2#b4942b1ee2a52fd67f446074488d774d
https://conda.anaconda.org/conda-forge/osx-64/pango-1.50.14-hbd9bf65_0.conda#7de54d83e9c685b742e0a4d81b271de0
https://conda.anaconda.org/conda-forge/osx-64/clangxx-16.0.1-default_hd25f202_0.conda#d2fd8e5ff71e68910d3f7bb1f675047c
https://conda.anaconda.org/conda-forge/noarch/compiler-rt_osx-64-16.0.1-h613da45_0.conda#f276c02406940cd541b159f18a349dde
https://conda.anaconda.org/conda-forge/osx-64/compiler-rt-16.0.1-h613da45_0.conda#2033a5bb7d9c9ab558f6abdfb0114b13
https://conda.anaconda.org/conda-forge/osx-64/clang_osx-64-16.0.1-hac0a0c4_1.conda#fe62ac2612b93dab371096301103d128
https://conda.anaconda.org/conda-forge/osx-64/clangxx_osx-64-16.0.1-h950475c_1.conda#e794792c5758b6b1694786c17ec49b92
https://conda.anaconda.org/conda-forge/osx-64/gfortran_osx-64-11.4.0-h18f7dce_1.conda#8867e415dfd97f0ee7b0202375583b18
https://conda.anaconda.org/conda-forge/osx-64/r-base-4.1.3-hf7bdea0_5.conda#2df48c62bbd27c43f84d1aba6656b7a4
https://conda.anaconda.org/bioconda/noarch/bioconductor-biocgenerics-0.40.0-r41hdfd78af_0.tar.bz2#73c383d354e038bb8b4de75715747071
https://conda.anaconda.org/bioconda/noarch/bioconductor-genomeinfodbdata-1.2.7-r41hdfd78af_2.tar.bz2#b23c1905f6ee6dddcfa3af515aa4844f
https://conda.anaconda.org/bioconda/osx-64/bioconductor-limma-3.50.1-r41haba8685_0.tar.bz2#1bdb14208c39f4959347dff35da10f60
https://conda.anaconda.org/bioconda/osx-64/bioconductor-preprocesscore-1.56.0-r41h3be46a4_3.tar.bz2#34a1294417b89ee98b636e573f03a7a1
https://conda.anaconda.org/bioconda/noarch/bioconductor-protgenerics-1.26.0-r41hdfd78af_0.tar.bz2#3839f153c1f605b7f9d8c5e3435ed635
https://conda.anaconda.org/bioconda/noarch/bioconductor-tximport-1.22.0-r41hdfd78af_0.tar.bz2#fd313bcfa3606af12c83fbae83ac6847
https://conda.anaconda.org/bioconda/osx-64/bioconductor-zlibbioc-1.40.0-r41h3be46a4_2.tar.bz2#163877a18aa0fd4b14445a37039a894e
https://conda.anaconda.org/conda-forge/noarch/r-assertthat-0.2.1-r41hc72bb7e_3.tar.bz2#222e349b4a7c1fe7eee85277254770a7
https://conda.anaconda.org/conda-forge/osx-64/r-backports-1.4.1-r41h815d134_1.tar.bz2#1cd37bd87cb1a19195ba20075a380424
https://conda.anaconda.org/conda-forge/osx-64/r-base64enc-0.1_3-r41h815d134_1005.tar.bz2#3a53b1f2db61f68b381ab43ceb726ab4
https://conda.anaconda.org/conda-forge/noarch/r-bh-1.81.0_1-r41hc72bb7e_0.conda#b8fc6929ec9dd61b3dbc6504250e7535
https://conda.anaconda.org/conda-forge/noarch/r-biocmanager-1.30.21-r41hc72bb7e_0.conda#b4c1f6d448b626e569911a4e03caab3c
https://conda.anaconda.org/conda-forge/osx-64/r-bit-4.0.5-r41h815d134_0.tar.bz2#206102a428c7a033aa3a105cd97966d6
https://conda.anaconda.org/conda-forge/osx-64/r-bitops-1.0_7-r41h815d134_1.tar.bz2#aab41e1c3a12d9d602d2665e00cff936
https://conda.anaconda.org/conda-forge/osx-64/r-cli-3.6.1-r41h49197e3_0.conda#5b29e4850c3aae4de848ccea5ebace8c
https://conda.anaconda.org/conda-forge/noarch/r-clipr-0.8.0-r41hc72bb7e_1.tar.bz2#150a902aa834ca07fc74967b4e653207
https://conda.anaconda.org/conda-forge/osx-64/r-colorspace-2.1_0-r41h815d134_0.conda#5a1683720ba389afaf2c3954b6e4ea32
https://conda.anaconda.org/conda-forge/noarch/r-cpp11-0.4.7-r41hc72bb7e_0.conda#a81541ceb9c2c3d40695e746b2777961
https://conda.anaconda.org/conda-forge/noarch/r-crayon-1.5.2-r41hc72bb7e_1.tar.bz2#8cf94f6451aaadf3aa1119b29115b0c7
https://conda.anaconda.org/conda-forge/osx-64/r-curl-4.3.3-r41h815d134_1.tar.bz2#56f9412d77fa11b7bcaf4e6589da8d6d
https://conda.anaconda.org/conda-forge/osx-64/r-data.table-1.14.8-r41h557251b_0.conda#6cae7dfc654d9930d4b80f7d2b467e5f
https://conda.anaconda.org/conda-forge/noarch/r-dbi-1.1.3-r41hc72bb7e_1.tar.bz2#3ddc2ffd6fee658a9d63528b5a67ca13
https://conda.anaconda.org/conda-forge/osx-64/r-deldir-1.0_9-r41hfe07776_0.conda#6eb12049252f61d7d9c6edac9071147c
https://conda.anaconda.org/conda-forge/osx-64/r-digest-0.6.31-r41h49197e3_0.conda#d3aa806c41701f2bc7ad1176cd6360df
https://conda.anaconda.org/conda-forge/noarch/r-evaluate-0.21-r41hc72bb7e_0.conda#c45a9a35d32b9d0f08298e3324ef15fe
https://conda.anaconda.org/conda-forge/osx-64/r-fansi-1.0.4-r41h815d134_0.conda#110839726a2d603eda371c6183521b28
https://conda.anaconda.org/conda-forge/osx-64/r-farver-2.1.1-r41h49197e3_1.tar.bz2#1669af79e2e126e6d913484b7e2c9c31
https://conda.anaconda.org/conda-forge/osx-64/r-fastmap-1.1.1-r41h49197e3_0.conda#62e0e37c2df29687b36f7be0f9f7f4cb
https://conda.anaconda.org/conda-forge/osx-64/r-filelock-1.0.2-r41h815d134_1003.tar.bz2#995f53dcf2ab6e5170c1b64b2984d13c
https://conda.anaconda.org/conda-forge/noarch/r-formatr-1.14-r41hc72bb7e_0.conda#ddadbc844b1d91a55d78132aa1db2224
https://conda.anaconda.org/conda-forge/osx-64/r-fs-1.6.2-r41hac7d2d5_0.conda#764405ab4a242d4ad99bed4667953ee7
https://conda.anaconda.org/conda-forge/noarch/r-futile.options-1.0.1-r41hc72bb7e_1003.tar.bz2#3e52428739cccad6b54115707c77d173
https://conda.anaconda.org/conda-forge/noarch/r-generics-0.1.3-r41hc72bb7e_1.tar.bz2#91a23d57270d474ab35b970ab153bdf4
https://conda.anaconda.org/conda-forge/noarch/r-getopt-1.20.3-r41ha770c72_3.tar.bz2#82b89f29d9d0791076c7bc530eec50ba
https://conda.anaconda.org/conda-forge/osx-64/r-glue-1.6.2-r41h815d134_1.tar.bz2#8d3c979f9edd64f242ba5f095117491f
https://conda.anaconda.org/conda-forge/noarch/r-hwriter-1.3.2.1-r41hc72bb7e_1.tar.bz2#f06e1a0d0089ab22a13f7f592a2f087b
https://conda.anaconda.org/conda-forge/osx-64/r-isoband-0.2.7-r41h49197e3_1.conda#efff05137f87c7bc1f40a4642d6254aa
https://conda.anaconda.org/conda-forge/osx-64/r-jpeg-0.1_10-r41h89a0974_1.conda#b440a770e1bf833c50794036bce6c5e9
https://conda.anaconda.org/conda-forge/osx-64/r-jsonlite-1.8.5-r41h6dc245f_0.conda#86256c263c6099cb1aac6cb0929749b6
https://conda.anaconda.org/conda-forge/noarch/r-labeling-0.4.2-r41hc72bb7e_2.tar.bz2#83807ad3d6daa0c5e88ad3f4e8df4758
https://conda.anaconda.org/conda-forge/osx-64/r-lattice-0.21_8-r41h815d134_0.conda#5caa4b152e0170e92e1bae27cbd77fa5
https://conda.anaconda.org/conda-forge/osx-64/r-lazyeval-0.2.2-r41h815d134_3.tar.bz2#9dbb4417dd481afc67ca345f995fa2fa
https://conda.anaconda.org/conda-forge/osx-64/r-magrittr-2.0.3-r41h815d134_1.tar.bz2#01a08f3651df7bf1cb96f0f28d3de70c
https://conda.anaconda.org/conda-forge/osx-64/r-mass-7.3_58.3-r41h815d134_0.conda#3c93a7e8b065ba60a37db4eb76c097f0
https://conda.anaconda.org/conda-forge/osx-64/r-matrixstats-0.61.0-r41h28b5c78_0.tar.bz2#d378f201c87619d809228332ff485edf
https://conda.anaconda.org/conda-forge/osx-64/r-mime-0.12-r41h815d134_1.tar.bz2#3d5ef2c3500a9f31b903cd1c5b5e08bf
https://conda.anaconda.org/conda-forge/noarch/r-pkgconfig-2.0.3-r41hc72bb7e_2.tar.bz2#fceb80e453285589b08efe53174ebe22
https://conda.anaconda.org/conda-forge/noarch/r-plogr-0.2.0-r41hc72bb7e_1004.tar.bz2#2142cbb7693ee306b900e3377d414abc
https://conda.anaconda.org/conda-forge/osx-64/r-png-0.1_8-r41hbf2103b_0.conda#85f90044ea3da01e4e4b5b2031784ac9
https://conda.anaconda.org/conda-forge/osx-64/r-polyclip-1.10_4-r41h49197e3_0.tar.bz2#41306efbf31c5bab903da4c8722a1394
https://conda.anaconda.org/conda-forge/noarch/r-r.methodss3-1.8.2-r41hc72bb7e_1.tar.bz2#5cff1b8f457c863cc1025bb2b6396678
https://conda.anaconda.org/conda-forge/noarch/r-r6-2.5.1-r41hc72bb7e_1.tar.bz2#04cf390ece28f6df5c096f78409a9b41
https://conda.anaconda.org/conda-forge/osx-64/r-rappdirs-0.3.3-r41h815d134_1.tar.bz2#aa951067337f9222f61b5b4fc3b273c4
https://conda.anaconda.org/conda-forge/noarch/r-rcircos-1.2.2-r41hc72bb7e_1.tar.bz2#7c9f3892eefb66d52825e6f3ab820482
https://conda.anaconda.org/conda-forge/noarch/r-rcolorbrewer-1.1_3-r41h785f33e_1.tar.bz2#cf94059b05cc67854cb7e704ea751d7f
https://conda.anaconda.org/conda-forge/osx-64/r-rcpp-1.0.10-r41h49197e3_0.conda#ac1b9b5f86909309bd73af6d21f71a34
https://conda.anaconda.org/conda-forge/osx-64/r-rjson-0.2.21-r41h49197e3_2.tar.bz2#d02a89e3488761f34f3e2ba478275877
https://conda.anaconda.org/conda-forge/osx-64/r-rlang-1.1.1-r41hac7d2d5_0.conda#0b5f3a959d1e321ec95ce35fa2e58f64
https://conda.anaconda.org/umccr/noarch/r-rnasum.data-0.1.0-r41_0.tar.bz2#54f1b39b24376226e6a0588024d92dc8
https://conda.anaconda.org/conda-forge/noarch/r-snow-0.4_4-r41hc72bb7e_1.tar.bz2#aea71b97f7046d9ab359ec9a0e494a6d
https://conda.anaconda.org/conda-forge/osx-64/r-stringi-1.7.12-r41h7183e51_0.conda#e6b334fa25495d05822a63bb6542f34b
https://conda.anaconda.org/conda-forge/osx-64/r-sys-3.4.2-r41h6dc245f_0.conda#3d1f748f41ed401c764137789ffa7bf2
https://conda.anaconda.org/conda-forge/osx-64/r-utf8-1.2.3-r41h815d134_0.conda#54fc5e9e067e9971819b5f5dfe9b959b
https://conda.anaconda.org/conda-forge/noarch/r-viridislite-0.4.1-r41hc72bb7e_1.tar.bz2#9fee3e06b7121f47a946b700ffedddc5
https://conda.anaconda.org/conda-forge/noarch/r-withr-2.5.0-r41hc72bb7e_1.tar.bz2#23c0e5a3dc9258b9a06928097560adba
https://conda.anaconda.org/conda-forge/osx-64/r-xfun-0.39-r41hac7d2d5_0.conda#63b3d85347d2f2ef1a5eb9f810d14529
https://conda.anaconda.org/conda-forge/osx-64/r-xml-3.99_0.14-r41h67ce8dc_0.conda#5ba543b585f71841e41294b04255cb2e
https://conda.anaconda.org/conda-forge/osx-64/r-yaml-2.3.7-r41h815d134_0.conda#efbb9639e259f8e70d1c64521ebbaf53
https://conda.anaconda.org/bioconda/osx-64/bioconductor-biobase-2.54.0-r41h3be46a4_2.tar.bz2#0b1433334620553fb2f8409abd94ce9a
https://conda.anaconda.org/bioconda/noarch/bioconductor-matrixgenerics-1.6.0-r41hdfd78af_0.tar.bz2#69613f3c312fb36021947f3359e89435
https://conda.anaconda.org/bioconda/osx-64/bioconductor-rhtslib-1.26.0-r41h3be46a4_2.tar.bz2#fd40cdf0a4d723c7ecb6b773627488bc
https://conda.anaconda.org/bioconda/osx-64/bioconductor-s4vectors-0.32.4-r41h3be46a4_0.tar.bz2#81eed04abd12d2b17c79980509c57ced
https://conda.anaconda.org/conda-forge/osx-64/r-askpass-1.1-r41h815d134_3.tar.bz2#d34beefee48c22c5edb4b012e46e435a
https://conda.anaconda.org/conda-forge/osx-64/r-bit64-4.0.5-r41h815d134_1.tar.bz2#9eb8446fecd45a5dfde667cded6e0818
https://conda.anaconda.org/conda-forge/osx-64/r-cachem-1.0.8-r41h6dc245f_0.conda#24089a531837757de2c42dec1a7367c8
https://conda.anaconda.org/conda-forge/osx-64/r-ellipsis-0.3.2-r41h815d134_1.tar.bz2#c12a36d94d19572e1f9f908274f103b1
https://conda.anaconda.org/conda-forge/osx-64/r-hexbin-1.28.3-r41h1e4e481_0.conda#3c64509fed1c3c97d106ab9a6dfbfa73
https://conda.anaconda.org/conda-forge/noarch/r-highr-0.10-r41hc72bb7e_0.conda#c5680c2ac76bcecf2c4c3d598fdea3a8
https://conda.anaconda.org/conda-forge/noarch/r-lambda.r-1.2.4-r41hc72bb7e_2.tar.bz2#1e05f757d2dee860b9f532bc984c4ef9
https://conda.anaconda.org/conda-forge/osx-64/r-later-1.3.1-r41h670e93c_0.conda#8c9252cd3174efbcb78a5dbab3af719e
https://conda.anaconda.org/conda-forge/noarch/r-lifecycle-1.0.3-r41hc72bb7e_1.tar.bz2#bed96e636722252c2a37c392c5994f9d
https://conda.anaconda.org/conda-forge/osx-64/r-locfit-1.5_9.7-r41h815d134_0.conda#6dfd325e8dd14c70c01da175b4b0511d
https://conda.anaconda.org/conda-forge/osx-64/r-matrix-1.5_4.1-r41hc46c21c_0.conda#08981a47af0fd81b776763461542eb9f
https://conda.anaconda.org/conda-forge/noarch/r-munsell-0.5.0-r41hc72bb7e_1005.tar.bz2#102b2cf348101fd85afda3b26460b0f3
https://conda.anaconda.org/conda-forge/osx-64/r-nlme-3.1_162-r41h1e4e481_0.conda#768000393f91de948b4f9f5fc6fa2f35
https://conda.anaconda.org/conda-forge/noarch/r-optparse-1.7.3-r41hc72bb7e_1.tar.bz2#d9921841bf5b011274caed3b3353abd8
https://conda.anaconda.org/conda-forge/noarch/r-prettyunits-1.1.1-r41hc72bb7e_2.tar.bz2#749430ac02fcabd79fe67a1a1c1414ab
https://conda.anaconda.org/conda-forge/noarch/r-r.oo-1.25.0-r41hc72bb7e_1.tar.bz2#080778ce659a006984a7a0dbdde9a57a
https://conda.anaconda.org/conda-forge/osx-64/r-rcurl-1.98_1.12-r41h815d134_0.conda#3a5d5253e16da70f52859035f16464b9
https://conda.anaconda.org/conda-forge/noarch/r-rprojroot-2.0.3-r41hc72bb7e_1.tar.bz2#9f5f482d79c7854068a01945f400a3bf
https://conda.anaconda.org/conda-forge/noarch/r-sessioninfo-1.2.2-r41hc72bb7e_1.tar.bz2#90dc4ee6451620fd862b2cc452e41f0d
https://conda.anaconda.org/conda-forge/osx-64/r-systemfonts-1.0.4-r41h1372bf0_1.tar.bz2#488aad1a19cd1127b35a8a2a943e8b17
https://conda.anaconda.org/conda-forge/noarch/r-tinytex-0.45-r41hc72bb7e_0.conda#ba2807f36dcdc2d1914af2368cef079c
https://conda.anaconda.org/conda-forge/osx-64/r-tzdb-0.4.0-r41hac7d2d5_0.conda#b6607744c66704b43e80e34fa3699819
https://conda.anaconda.org/conda-forge/osx-64/r-xml2-1.3.3-r41h3576887_2.tar.bz2#46cfc22d5ba599968e65fd7fe7bc6136
https://conda.anaconda.org/bioconda/noarch/bioconductor-biocio-1.4.0-r41hdfd78af_0.tar.bz2#77f0dc94556631182427b6a683e6ffb9
https://conda.anaconda.org/bioconda/osx-64/bioconductor-edger-3.36.0-r41hb890f52_2.tar.bz2#a861de0eda4c256d17109ad817968424
https://conda.anaconda.org/bioconda/osx-64/bioconductor-iranges-2.28.0-r41h3be46a4_2.tar.bz2#a43cfbe6f6bbe15d9de0fb19990b95f8
https://conda.anaconda.org/conda-forge/noarch/r-futile.logger-1.4.3-r41hc72bb7e_1004.tar.bz2#3cfacb1a00a0cbf0a319524776fa8a4b
https://conda.anaconda.org/conda-forge/noarch/r-gtable-0.3.3-r41hc72bb7e_0.conda#f18da5771f11c05df08eed41095d56a5
https://conda.anaconda.org/conda-forge/noarch/r-here-1.0.1-r41hc72bb7e_1.tar.bz2#f536ed61334ec2e527253e17863b5a0e
https://conda.anaconda.org/conda-forge/osx-64/r-htmltools-0.5.5-r41h49197e3_0.conda#e62adcb2fbf470300e72343fe4b9926e
https://conda.anaconda.org/conda-forge/noarch/r-knitr-1.43-r41hc72bb7e_0.conda#9a1b185e1cf8286af819f0def11fbafa
https://conda.anaconda.org/conda-forge/noarch/r-memoise-2.0.1-r41hc72bb7e_1.tar.bz2#b845009ecf0f751328755a76ce4edbfe
https://conda.anaconda.org/conda-forge/osx-64/r-mgcv-1.8_42-r41h40f944a_0.conda#d185982189ae3b637b533e1831b2839a
https://conda.anaconda.org/conda-forge/osx-64/r-openssl-2.0.5-r41h13d56fc_0.conda#9555aca3c67cc327af74abc0fef6b11b
https://conda.anaconda.org/conda-forge/osx-64/r-promises-1.2.0.1-r41h49197e3_1.tar.bz2#b0827758af54f6cd42255d6467e2a018
https://conda.anaconda.org/conda-forge/osx-64/r-qpdf-1.3.2-r41h76ec28b_1.conda#0cde9c5431ee625a1eeacd3c6934ae8c
https://conda.anaconda.org/conda-forge/noarch/r-r.utils-2.12.2-r41hc72bb7e_0.tar.bz2#302c316e29b7f426fa2de6f1f21dec75
https://conda.anaconda.org/conda-forge/osx-64/r-rcppeigen-0.3.3.9.3-r41h4f1a15b_0.tar.bz2#598202d449ee8dcf21db484c5fbaa0fd
https://conda.anaconda.org/bioconda/osx-64/r-restfulr-0.0.15-r41h5aaf88b_0.tar.bz2#c69a5d71edf65b86b79d2a9f59065f87
https://conda.anaconda.org/conda-forge/noarch/r-scales-1.2.1-r41hc72bb7e_1.tar.bz2#2a557fcc9f60e56e788a6d1293bc8701
https://conda.anaconda.org/conda-forge/osx-64/r-vctrs-0.6.2-r41hac7d2d5_0.conda#1822e20cb0af90412f963737f558ecd4
https://conda.anaconda.org/bioconda/noarch/bioconductor-aroma.light-3.24.0-r41hdfd78af_0.tar.bz2#dbc11429792c1fc82ece35587053fd58
https://conda.anaconda.org/bioconda/osx-64/bioconductor-biocparallel-1.28.3-r41hb890f52_1.tar.bz2#d55e3b2bc51f1f46c9c28ebb634e2752
https://conda.anaconda.org/bioconda/osx-64/bioconductor-delayedarray-0.20.0-r41h3be46a4_2.tar.bz2#f09225597919434201c12bdded91ab51
https://conda.anaconda.org/bioconda/noarch/bioconductor-genomeinfodb-1.30.1-r41hdfd78af_0.tar.bz2#8a757a9b176ed08e99f1a0d4179bf0bd
https://conda.anaconda.org/bioconda/osx-64/bioconductor-xvector-0.34.0-r41h3be46a4_2.tar.bz2#b8acc70c152158784a99a87de469cc93
https://conda.anaconda.org/conda-forge/noarch/r-blob-1.2.4-r41hc72bb7e_0.conda#3cb24332a346832eb755d121fb5dcf8a
https://conda.anaconda.org/conda-forge/noarch/r-conflicted-1.2.0-r41h785f33e_0.conda#05cf654425fc82b6d3858967063cc3cf
https://conda.anaconda.org/conda-forge/noarch/r-crosstalk-1.2.0-r41hc72bb7e_1.tar.bz2#85764c2a84603ff727262b45eff5377f
https://conda.anaconda.org/conda-forge/noarch/r-fontawesome-0.5.1-r41hc72bb7e_0.conda#2396aa26d2d18f5acf936c60466ef383
https://conda.anaconda.org/conda-forge/noarch/r-hms-1.1.3-r41hc72bb7e_0.conda#8a21dea88f1d2a88050c5e005d399b74
https://conda.anaconda.org/conda-forge/noarch/r-httr-1.4.6-r41hc72bb7e_0.conda#53dbb769c96782db54bf2d414fc9b239
https://conda.anaconda.org/conda-forge/osx-64/r-interp-1.1_4-r41h49197e3_0.conda#bd3ea7caf99915a9bbeae21fa08d0555
https://conda.anaconda.org/conda-forge/noarch/r-jquerylib-0.1.4-r41hc72bb7e_1.tar.bz2#385200d138034377ba652ad5de9f5ee3
https://conda.anaconda.org/conda-forge/osx-64/r-pdftools-3.3.3-r41h3c374dd_0.conda#706103ceb52b1ad3b5bc6d93458ca3ae
https://conda.anaconda.org/conda-forge/noarch/r-pillar-1.9.0-r41hc72bb7e_0.conda#fb91965be4ce5aaf59db0452582f5cea
https://conda.anaconda.org/conda-forge/osx-64/r-purrr-1.0.1-r41h815d134_0.conda#ed89e98478b8a29e48765e8571807f08
https://conda.anaconda.org/conda-forge/osx-64/r-sass-0.4.6-r41hac7d2d5_0.conda#426687480883c6d87f1f13cbfcca9e7b
https://conda.anaconda.org/conda-forge/noarch/r-stringr-1.5.0-r41h785f33e_0.conda#274211e1d198da9e62d344bcd713f0c9
https://conda.anaconda.org/conda-forge/osx-64/r-tidyselect-1.2.0-r41hbe3e9c8_0.tar.bz2#7382f0da9bd64791852845dfb6a957a2
https://conda.anaconda.org/conda-forge/osx-64/r-tweenr-2.0.2-r41h49197e3_1.tar.bz2#0eec268a61e0119989235fea27c19274
https://conda.anaconda.org/bioconda/osx-64/bioconductor-biostrings-2.62.0-r41h3be46a4_2.tar.bz2#b00fdf7b04e078e8359bf4ff6cb2ae3a
https://conda.anaconda.org/bioconda/osx-64/bioconductor-genomicranges-1.46.1-r41h3be46a4_1.tar.bz2#16b1870ffe795187fb63b3e0e8437cbd
https://conda.anaconda.org/conda-forge/noarch/r-bslib-0.5.0-r41hc72bb7e_0.conda#8cede74e42bfc5b7aade6428b0d7018e
https://conda.anaconda.org/conda-forge/noarch/r-latticeextra-0.6_30-r41hc72bb7e_1.tar.bz2#eb26df551036649493c92c2e1a57a5c8
https://conda.anaconda.org/conda-forge/noarch/r-progress-1.2.2-r41hc72bb7e_3.tar.bz2#284788289276072133ba78cca81006b4
https://conda.anaconda.org/conda-forge/osx-64/r-rsqlite-2.3.1-r41h49197e3_0.conda#ae5c87e7750e88dccef4261adaa0875d
https://conda.anaconda.org/conda-forge/osx-64/r-tibble-3.2.1-r41h815d134_1.conda#9ef85905ed40855ce174904ccd3fe6f9
https://conda.anaconda.org/bioconda/noarch/bioconductor-annotationfilter-1.18.0-r41hdfd78af_0.tar.bz2#a6921d7288d7eb45f4ef26f4baf40a3d
https://conda.anaconda.org/bioconda/noarch/bioconductor-keggrest-1.34.0-r41hdfd78af_0.tar.bz2#54056f47634552568aa26b1b09a2e16a
https://conda.anaconda.org/bioconda/osx-64/bioconductor-rsamtools-2.10.0-r41hb890f52_2.tar.bz2#0a085faaa059017050e49ec6bf5adb9e
https://conda.anaconda.org/bioconda/noarch/bioconductor-summarizedexperiment-1.24.0-r41hdfd78af_0.tar.bz2#f21eb229b8ee58680cb0179ef6d51f7e
https://conda.anaconda.org/conda-forge/osx-64/r-dplyr-1.1.2-r41hac7d2d5_0.conda#9a59d2853701ec8b32f9d61005894c11
https://conda.anaconda.org/conda-forge/noarch/r-ggplot2-3.4.2-r41hc72bb7e_0.conda#c2b04f4ff351d84bf51fd5a77b5c9b6c
https://conda.anaconda.org/conda-forge/noarch/r-rmarkdown-2.22-r41hc72bb7e_0.conda#0c4eb2b4f64057e35ebbb7a16e1314a1
https://conda.anaconda.org/conda-forge/osx-64/r-vroom-1.6.3-r41hac7d2d5_0.conda#89e5eff6748ed0681734631d6d4840d4
https://conda.anaconda.org/bioconda/noarch/bioconductor-annotationdbi-1.56.2-r41hdfd78af_0.tar.bz2#80cca6ecf3b8b9fe843ebcb8c48e4a9c
https://conda.anaconda.org/bioconda/osx-64/bioconductor-genomicalignments-1.30.0-r41h3be46a4_2.tar.bz2#f97b761a16c387be724cfdb1144db9b8
https://conda.anaconda.org/conda-forge/osx-64/r-ggforce-0.4.1-r41h49197e3_1.tar.bz2#4eb4694614fdb935e19d8219738cd855
https://conda.anaconda.org/conda-forge/noarch/r-htmlwidgets-1.6.2-r41hc72bb7e_0.conda#e3a8d4abaaef7667dc98eb765193fd69
https://conda.anaconda.org/conda-forge/osx-64/r-readr-2.1.4-r41h49197e3_0.conda#6d89cc52194335929259a482eeaff2db
https://conda.anaconda.org/conda-forge/osx-64/r-tidyr-1.3.0-r41h49197e3_0.conda#80b6b5956fcfe18eb6facb63b6366789
https://conda.anaconda.org/bioconda/osx-64/bioconductor-rtracklayer-1.54.0-r41h6e925bd_4.tar.bz2#b73ef06831ce0c8a1f8938ff64f62e7a
https://conda.anaconda.org/bioconda/osx-64/bioconductor-shortread-1.52.0-r41hb890f52_2.tar.bz2#91ae0e8605a6e8a0eeaf072c9769488a
https://conda.anaconda.org/conda-forge/noarch/r-dbplyr-2.3.2-r41hc72bb7e_0.conda#028fc5bedab964fc666ca9d9e875e7c9
https://conda.anaconda.org/conda-forge/noarch/r-dt-0.28-r41hc72bb7e_0.conda#a527b577a599e8b4cb08dbdec5d4492b
https://conda.anaconda.org/conda-forge/noarch/r-plotly-4.10.2-r41hc72bb7e_0.conda#4969add7a0206fbd3360055b0e38ff7d
https://conda.anaconda.org/bioconda/noarch/bioconductor-biocfilecache-2.2.0-r41hdfd78af_0.tar.bz2#0f94a95f6cf99e8ce2adc07b99bd2c45
https://conda.anaconda.org/umccr/noarch/r-manhattanly-0.3.0-r41h6115d3f_0.tar.bz2#3669b2c156c84b23d31fba02ee1b2ea1
https://conda.anaconda.org/bioconda/noarch/bioconductor-biomart-2.50.0-r41hdfd78af_0.tar.bz2#521b5a593179ffeb6fc432f3bbad548d
https://conda.anaconda.org/bioconda/noarch/bioconductor-genomicfeatures-1.46.1-r41hdfd78af_0.tar.bz2#749e6d8ea358fe4dfa6cc0b44b2306a6
https://conda.anaconda.org/bioconda/noarch/bioconductor-edaseq-2.28.0-r41hdfd78af_0.tar.bz2#205da7c530172b1ecd74d636ae13dadf
https://conda.anaconda.org/bioconda/noarch/bioconductor-ensembldb-2.18.1-r41hdfd78af_0.tar.bz2#2fd83dc07453cd129ca8b087284ade64
https://conda.anaconda.org/umccr/noarch/r-rnasum-0.6.2-r41_0.tar.bz2#abd70021c9cbe869f430c813c92746c2
