# Generated by conda-lock.
# platform: linux-64
# input_hash: 57be4e291a3402b9fd3c18f40637073622792ba58b6983c4cc5687eee0426490
@EXPLICIT
https://conda.anaconda.org/conda-forge/linux-64/_libgcc_mutex-0.1-conda_forge.tar.bz2#d7c89558ba9fa0495403155b64376d81
https://conda.anaconda.org/conda-forge/noarch/_r-mutex-1.0.1-anacondar_1.tar.bz2#19f9db5f4f1b7f5ef5f6d67207f25f38
https://conda.anaconda.org/conda-forge/linux-64/ca-certificates-2024.8.30-hbcca054_0.conda#c27d1c142233b5bc9ca570c6e2e0c244
https://conda.anaconda.org/conda-forge/noarch/font-ttf-dejavu-sans-mono-2.37-hab24e00_0.tar.bz2#0c96522c6bdaed4b1566d11387caaf45
https://conda.anaconda.org/conda-forge/noarch/font-ttf-inconsolata-3.000-h77eed37_0.tar.bz2#34893075a5c9e55cdafac56607368fc6
https://conda.anaconda.org/conda-forge/noarch/font-ttf-source-code-pro-2.038-h77eed37_0.tar.bz2#4d59c254e01d9cde7957100457e2d5fb
https://conda.anaconda.org/conda-forge/noarch/font-ttf-ubuntu-0.83-h77eed37_3.conda#49023d73832ef61042f6a237cb2687e7
https://conda.anaconda.org/conda-forge/noarch/kernel-headers_linux-64-3.10.0-he073ed8_18.conda#ad8527bf134a90e1c9ed35fa0b64318c
https://conda.anaconda.org/conda-forge/noarch/poppler-data-0.4.12-hd8ed1ab_0.conda#d8d7293c5b37f39b2ac32940621c6592
https://conda.anaconda.org/conda-forge/noarch/tzdata-2024b-hc8b5060_0.conda#8ac3367aafb1cc0a068483c580af8015
https://conda.anaconda.org/conda-forge/noarch/fonts-conda-forge-1-0.tar.bz2#f766549260d6815b0c52253f1fb1bb29
https://conda.anaconda.org/conda-forge/linux-64/ld_impl_linux-64-2.43-h712a8e2_2.conda#048b02e3962f066da18efe3a21b77672
https://conda.anaconda.org/conda-forge/noarch/libgcc-devel_linux-64-14.2.0-h41c2201_101.conda#fb126e22f5350c15fec6ddbd062f4871
https://conda.anaconda.org/conda-forge/linux-64/libgomp-14.2.0-h77fa898_1.conda#cc3573974587f12dda90d96e3e55a702
https://conda.anaconda.org/conda-forge/noarch/libstdcxx-devel_linux-64-14.2.0-h41c2201_101.conda#60b9a16fd147f7184b5a964aa08f3b0f
https://conda.anaconda.org/conda-forge/noarch/sysroot_linux-64-2.17-h4a8ded7_18.conda#0ea96f90a10838f58412aa84fdd9df09
https://conda.anaconda.org/conda-forge/linux-64/_openmp_mutex-4.5-2_gnu.tar.bz2#73aaf86a425cc6e73fcf236a5a46396d
https://conda.anaconda.org/conda-forge/linux-64/binutils_impl_linux-64-2.43-h4bf12b8_2.conda#cf0c5521ac2a20dfa6c662a4009eeef6
https://conda.anaconda.org/conda-forge/noarch/fonts-conda-ecosystem-1-0.tar.bz2#fee5683a3f04bd15cbd8318b096a27ab
https://conda.anaconda.org/conda-forge/linux-64/libgcc-14.2.0-h77fa898_1.conda#3cb76c3f10d3bc7f1105b2fc9db984df
https://conda.anaconda.org/conda-forge/linux-64/c-ares-1.34.2-heb4867d_0.conda#2b780c0338fc0ffa678ac82c54af51fd
https://conda.anaconda.org/conda-forge/linux-64/libexpat-2.6.4-h5888daf_0.conda#db833e03127376d461e1e13e76f09b6c
https://conda.anaconda.org/conda-forge/linux-64/libgcc-ng-14.2.0-h69a702a_1.conda#e39480b9ca41323497b05492a63bc35b
https://conda.anaconda.org/conda-forge/linux-64/libgfortran5-14.2.0-hd5240d6_1.conda#9822b874ea29af082e5d36098d25427d
https://conda.anaconda.org/conda-forge/linux-64/libstdcxx-14.2.0-hc0a3c3a_1.conda#234a5554c53625688d51062645337328
https://conda.anaconda.org/conda-forge/linux-64/make-4.4.1-hb9d3cd8_2.conda#33405d2a66b1411db9f7242c8b97c9e7
https://conda.anaconda.org/conda-forge/linux-64/pthread-stubs-0.4-hb9d3cd8_1002.conda#b3c17d95b5a10c6e64a21fa17573e70e
https://conda.anaconda.org/conda-forge/linux-64/xorg-kbproto-1.0.7-hb9d3cd8_1003.conda#e87bfacb110d85e1eb6099c9ed8e7236
https://conda.anaconda.org/conda-forge/linux-64/xorg-libxau-1.0.11-hb9d3cd8_1.conda#77cbc488235ebbaab2b6e912d3934bae
https://conda.anaconda.org/conda-forge/linux-64/xorg-libxdmcp-1.1.5-hb9d3cd8_0.conda#8035c64cb77ed555e3f150b7b3972480
https://conda.anaconda.org/conda-forge/linux-64/xorg-renderproto-0.11.1-hb9d3cd8_1003.conda#bf90782559bce8447609933a7d45995a
https://conda.anaconda.org/conda-forge/linux-64/xorg-xextproto-7.3.0-hb9d3cd8_1004.conda#bc4cd53a083b6720d61a1519a1900878
https://conda.anaconda.org/conda-forge/linux-64/xorg-xproto-7.0.31-hb9d3cd8_1008.conda#a63f5b66876bb1ec734ab4bdc4d11e86
https://conda.anaconda.org/conda-forge/linux-64/bzip2-1.0.8-h4bc722e_7.conda#62ee74e96c5ebb0af99386de58cf9553
https://conda.anaconda.org/conda-forge/linux-64/expat-2.6.4-h5888daf_0.conda#1d6afef758879ef5ee78127eb4cd2c4a
https://conda.anaconda.org/conda-forge/linux-64/fribidi-1.0.10-h36c2ea0_0.tar.bz2#ac7bc6a654f8f41b352b38f4051135f8
https://conda.anaconda.org/conda-forge/linux-64/gettext-tools-0.22.5-he02047a_3.conda#fcd2016d1d299f654f81021e27496818
https://conda.anaconda.org/conda-forge/linux-64/jpeg-9e-h0b41bf4_3.conda#c7a069243e1fbe9a556ed2ec030e6407
https://conda.anaconda.org/conda-forge/linux-64/keyutils-1.6.1-h166bdaf_0.tar.bz2#30186d27e2c9fa62b45fb1476b7200e3
https://conda.anaconda.org/conda-forge/linux-64/libdeflate-1.17-h0b41bf4_0.conda#5cc781fd91968b11a8a7fdbee0982676
https://conda.anaconda.org/conda-forge/linux-64/libev-4.33-hd590300_2.conda#172bf1cd1ff8629f2b1179945ed45055
https://conda.anaconda.org/conda-forge/linux-64/libffi-3.4.2-h7f98852_5.tar.bz2#d645c6d2ac96843a2bfaccd2d62b3ac3
https://conda.anaconda.org/conda-forge/linux-64/libgettextpo-0.22.5-he02047a_3.conda#efab66b82ec976930b96d62a976de8e7
https://conda.anaconda.org/conda-forge/linux-64/libgfortran-14.2.0-h69a702a_1.conda#f1fd30127802683586f768875127a987
https://conda.anaconda.org/conda-forge/linux-64/libiconv-1.17-hd590300_2.conda#d66573916ffcf376178462f1b61c941e
https://conda.anaconda.org/conda-forge/linux-64/libsanitizer-14.2.0-h2a3dede_1.conda#160623b9425f5c04941586da43bd1a9c
https://conda.anaconda.org/conda-forge/linux-64/libstdcxx-ng-14.2.0-h4852527_1.conda#8371ac6457591af2cf6159439c1fd051
https://conda.anaconda.org/conda-forge/linux-64/libuuid-2.38.1-h0b41bf4_0.conda#40b61aab5c7ba9ff276c41cfffe6b80b
https://conda.anaconda.org/conda-forge/linux-64/libwebp-base-1.4.0-hd590300_0.conda#b26e8aa824079e1be0294e7152ca4559
https://conda.anaconda.org/conda-forge/linux-64/libxcb-1.13-h7f98852_1004.tar.bz2#b3653fdc58d03face9724f602218a904
https://conda.anaconda.org/conda-forge/linux-64/libzlib-1.2.13-h4ab18f5_6.conda#27329162c0dc732bcf67a4e0cd488125
https://conda.anaconda.org/conda-forge/linux-64/ncurses-6.5-he02047a_1.conda#70caf8bb6cf39a0b6b7efc885f51c0fe
https://conda.anaconda.org/conda-forge/linux-64/nspr-4.36-h5888daf_0.conda#de9cd5bca9e4918527b9b72b6e2e1409
https://conda.anaconda.org/conda-forge/linux-64/openssl-1.1.1w-hd590300_0.conda#301e70057a3bd399640bb16bbdf87995
https://conda.anaconda.org/conda-forge/linux-64/sed-4.8-he412f7d_0.tar.bz2#7362f0042e95681f5d371c46c83ebd08
https://conda.anaconda.org/conda-forge/linux-64/xorg-libice-1.0.10-h7f98852_0.tar.bz2#d6b0b50b49eccfe0be0373be628be0f3
https://conda.anaconda.org/conda-forge/linux-64/xz-5.2.6-h166bdaf_0.tar.bz2#2161070d867d1b1204ea749c8eec4ef0
https://conda.anaconda.org/conda-forge/linux-64/gcc_impl_linux-64-14.2.0-h6b349bd_1.conda#0551d01d65027359bf011c049f9c6401
https://conda.anaconda.org/conda-forge/linux-64/graphite2-1.3.13-h59595ed_1003.conda#f87c7b7c2cb45f323ffbce941c78ab7c
https://conda.anaconda.org/conda-forge/linux-64/icu-70.1-h27087fc_0.tar.bz2#87473a15119779e021c314249d4b4aed
https://conda.anaconda.org/conda-forge/linux-64/lerc-4.0.0-h27087fc_0.tar.bz2#76bbff344f0134279f225174e9064c8f
https://conda.anaconda.org/conda-forge/linux-64/libasprintf-0.22.5-he8f35ee_3.conda#4fab9799da9571266d05ca5503330655
https://conda.anaconda.org/conda-forge/linux-64/libedit-3.1.20191231-he28a2e2_2.tar.bz2#4d331e44109e3f0e19b4cb8f9b82f3e1
https://conda.anaconda.org/conda-forge/linux-64/libgettextpo-devel-0.22.5-he02047a_3.conda#9aba7960731e6b4547b3a52f812ed801
https://conda.anaconda.org/conda-forge/linux-64/libgfortran-ng-14.2.0-h69a702a_1.conda#0a7f4cd238267c88e5d69f7826a407eb
https://conda.anaconda.org/conda-forge/linux-64/libnghttp2-1.51.0-hdcd2b5c_0.conda#c42b460bae0365fb9777b1ff9d09a554
https://conda.anaconda.org/conda-forge/linux-64/libopenblas-0.3.28-pthreads_h94d23a6_1.conda#62857b389e42b36b686331bec0922050
https://conda.anaconda.org/conda-forge/linux-64/libpng-1.6.43-h2797004_0.conda#009981dd9cfcaa4dbfa25ffaed86bcae
https://conda.anaconda.org/conda-forge/linux-64/libsqlite-3.46.0-hde9e2c9_0.conda#18aa975d2094c34aef978060ae7da7d8
https://conda.anaconda.org/conda-forge/linux-64/libssh2-1.10.0-haa6b8db_3.tar.bz2#89acee135f0809a18a1f4537390aa2dd
https://conda.anaconda.org/conda-forge/linux-64/pandoc-2.19.2-h32600fe_2.conda#326f46f36d15c44cff5f81d505cb717f
https://conda.anaconda.org/conda-forge/linux-64/pcre2-10.40-hc3806b6_0.tar.bz2#69e2c796349cd9b273890bee0febfe1b
https://conda.anaconda.org/conda-forge/linux-64/pixman-0.43.2-h59595ed_0.conda#71004cbf7924e19c02746ccde9fd7123
https://conda.anaconda.org/conda-forge/linux-64/readline-8.2-h8228510_1.conda#47d31b792659ce70f470b5c82fdfb7a4
https://conda.anaconda.org/conda-forge/linux-64/tk-8.6.13-noxft_h4845f30_101.conda#d453b98d9c83e71da0741bb0ff4d76bc
https://conda.anaconda.org/conda-forge/linux-64/xorg-libsm-1.2.3-hd9c2040_1000.tar.bz2#9e856f78d5c80d5a78f61e72d1d473a3
https://conda.anaconda.org/conda-forge/linux-64/xorg-libx11-1.8.4-h0b41bf4_0.conda#ea8fbfeb976ac49cbeb594e985393514
https://conda.anaconda.org/conda-forge/linux-64/zlib-1.2.13-h4ab18f5_6.conda#559d338a4234c2ad6e676f460a093e67
https://conda.anaconda.org/conda-forge/linux-64/zstd-1.5.6-ha6fb4c9_0.conda#4d056880988120e29d75bfff282e0f45
https://conda.anaconda.org/conda-forge/linux-64/boost-cpp-1.78.0-h5adbc97_2.conda#09be6b4c66c7881e2b24214c6f6841c9
https://conda.anaconda.org/conda-forge/linux-64/bwidget-1.9.14-ha770c72_1.tar.bz2#5746d6202ba2abad4a4707f2a2462795
https://conda.anaconda.org/conda-forge/linux-64/freetype-2.12.1-h267a509_2.conda#9ae35c3d96db2c94ce0cef86efdfa2cb
https://conda.anaconda.org/conda-forge/linux-64/gfortran_impl_linux-64-14.2.0-hc73f493_1.conda#131a59b3bb1dbbfc63ec0f21eb0e8c65
https://conda.anaconda.org/conda-forge/linux-64/gxx_impl_linux-64-14.2.0-h2c03514_1.conda#41664acd4c99ef4d192e12950ff68ca6
https://conda.anaconda.org/conda-forge/linux-64/krb5-1.19.3-h3790be6_0.tar.bz2#7d862b05445123144bec92cb1acc8ef8
https://conda.anaconda.org/conda-forge/linux-64/libasprintf-devel-0.22.5-he8f35ee_3.conda#1091193789bb830127ed067a9e01ac57
https://conda.anaconda.org/conda-forge/linux-64/libblas-3.9.0-25_linux64_openblas.conda#8ea26d42ca88ec5258802715fe1ee10b
https://conda.anaconda.org/conda-forge/linux-64/libtiff-4.5.0-h6adf6a1_2.conda#2e648a34072eb39d7c4fc2a9981c5f0c
https://conda.anaconda.org/conda-forge/linux-64/libxml2-2.10.3-hca2bb57_4.conda#bb808b654bdc3c783deaf107a2ffb503
https://conda.anaconda.org/conda-forge/linux-64/nss-3.100-hca3bf56_0.conda#949c4a82290ee58b3c970cef4bcfd4ad
https://conda.anaconda.org/conda-forge/linux-64/tktable-2.10-h8bc8fbc_6.conda#dff3627fec2c0584ded391205295abf0
https://conda.anaconda.org/conda-forge/linux-64/xorg-libxext-1.3.4-h0b41bf4_2.conda#82b6df12252e6f32402b96dacc656fec
https://conda.anaconda.org/conda-forge/linux-64/xorg-libxrender-0.9.10-h7f98852_1003.tar.bz2#f59c1242cc1dd93e72c2ee2b360979eb
https://conda.anaconda.org/conda-forge/linux-64/xorg-libxt-1.3.0-hd590300_0.conda#ab2044e8d87dda9f74652e8e084a5569
https://conda.anaconda.org/conda-forge/linux-64/fontconfig-2.14.2-h14ed4e7_0.conda#0f69b688f52ff6da70bccb7ff7001d1d
https://conda.anaconda.org/conda-forge/linux-64/gettext-0.22.5-he02047a_3.conda#c7f243bbaea97cd6ea1edd693270100e
https://conda.anaconda.org/conda-forge/linux-64/lcms2-2.15-hfd0df8a_0.conda#aa8840cdf17ef0c6084d1e24abc7a28b
https://conda.anaconda.org/conda-forge/linux-64/libcblas-3.9.0-25_linux64_openblas.conda#5dbd1b0fc0d01ec5e0e1fbe667281a11
https://conda.anaconda.org/conda-forge/linux-64/libcurl-7.86.0-h7bff187_1.tar.bz2#5e5f33d81f31598d87f9b849f73c30e3
https://conda.anaconda.org/conda-forge/linux-64/liblapack-3.9.0-25_linux64_openblas.conda#4dc03a53fc69371a6158d0ed37214cd3
https://conda.anaconda.org/conda-forge/linux-64/openjpeg-2.5.0-hfec8fc6_2.conda#5ce6a42505c6e9e6151c54c3ec8d68ea
https://conda.anaconda.org/conda-forge/linux-64/curl-7.86.0-h7bff187_1.tar.bz2#bc9567c50833f4b0d36b25caca7b34f8
https://conda.anaconda.org/conda-forge/linux-64/gsl-2.7-he838d99_0.tar.bz2#fec079ba39c9cca093bf4c00001825de
https://conda.anaconda.org/conda-forge/linux-64/libglib-2.78.1-hebfc3b9_0.conda#ddd09e8904fde46b85f41896621803e6
https://conda.anaconda.org/conda-forge/linux-64/cairo-1.16.0-ha61ee94_1014.tar.bz2#d1a88f3ed5b52e1024b80d4bcd26a7a0
https://conda.anaconda.org/conda-forge/linux-64/harfbuzz-6.0.0-h8e241bc_0.conda#448fe40d2fed88ccf4d9ded37cbb2b38
https://conda.anaconda.org/conda-forge/linux-64/poppler-22.12.0-h091648b_1.conda#25cfe805ac16b3bed648f5376bc389f0
https://conda.anaconda.org/conda-forge/linux-64/pango-1.50.14-hd33c08f_0.conda#a8b9e35dd7be2c945b0de4fe19a7c3a9
https://conda.anaconda.org/conda-forge/linux-64/r-base-4.1.3-h2f963a2_5.conda#457cd23234681ff29da35bfd6fbc0350
https://conda.anaconda.org/bioconda/noarch/bioconductor-biocgenerics-0.40.0-r41hdfd78af_0.tar.bz2#73c383d354e038bb8b4de75715747071
https://conda.anaconda.org/bioconda/noarch/bioconductor-genomeinfodbdata-1.2.7-r41hdfd78af_2.tar.bz2#b23c1905f6ee6dddcfa3af515aa4844f
https://conda.anaconda.org/bioconda/linux-64/bioconductor-limma-3.50.1-r41h5c21468_0.tar.bz2#8d165da1ffdb4e6bad785cee8c3dc0d5
https://conda.anaconda.org/bioconda/linux-64/bioconductor-preprocesscore-1.56.0-r41hc0cfd56_3.tar.bz2#05d2cce2d2ccd56830a4cc35df65315e
https://conda.anaconda.org/bioconda/noarch/bioconductor-protgenerics-1.26.0-r41hdfd78af_0.tar.bz2#3839f153c1f605b7f9d8c5e3435ed635
https://conda.anaconda.org/bioconda/noarch/bioconductor-tximport-1.22.0-r41hdfd78af_0.tar.bz2#fd313bcfa3606af12c83fbae83ac6847
https://conda.anaconda.org/bioconda/linux-64/bioconductor-zlibbioc-1.40.0-r41hc0cfd56_2.tar.bz2#b363f6e6159be35bbea95b978c8ef3fe
https://conda.anaconda.org/conda-forge/noarch/r-assertthat-0.2.1-r41hc72bb7e_3.tar.bz2#222e349b4a7c1fe7eee85277254770a7
https://conda.anaconda.org/conda-forge/linux-64/r-backports-1.4.1-r41h06615bd_1.tar.bz2#9a00c3283f8fb4bce68deffe08fbe09d
https://conda.anaconda.org/conda-forge/linux-64/r-base64enc-0.1_3-r41h06615bd_1005.tar.bz2#f8982656269a778779a4293b1a128d48
https://conda.anaconda.org/conda-forge/noarch/r-bh-1.81.0_1-r41hc72bb7e_0.conda#b8fc6929ec9dd61b3dbc6504250e7535
https://conda.anaconda.org/conda-forge/noarch/r-biocmanager-1.30.21-r41hc72bb7e_0.conda#b4c1f6d448b626e569911a4e03caab3c
https://conda.anaconda.org/conda-forge/linux-64/r-bit-4.0.5-r41h06615bd_0.tar.bz2#2d0b47770c7f875c3799dff22d8dcb03
https://conda.anaconda.org/conda-forge/linux-64/r-bitops-1.0_7-r41h06615bd_1.tar.bz2#1d83f3897552ef9664ea18a2d978943c
https://conda.anaconda.org/conda-forge/linux-64/r-cli-3.6.1-r41h38f115c_0.conda#16ab92c7ff005c9ac48527b054831e45
https://conda.anaconda.org/conda-forge/noarch/r-clipr-0.8.0-r41hc72bb7e_1.tar.bz2#150a902aa834ca07fc74967b4e653207
https://conda.anaconda.org/conda-forge/linux-64/r-colorspace-2.1_0-r41h133d619_0.conda#b6f5d77e5e0334a8adda752364bc760e
https://conda.anaconda.org/conda-forge/noarch/r-cpp11-0.4.7-r41hc72bb7e_0.conda#a81541ceb9c2c3d40695e746b2777961
https://conda.anaconda.org/conda-forge/noarch/r-crayon-1.5.2-r41hc72bb7e_1.tar.bz2#8cf94f6451aaadf3aa1119b29115b0c7
https://conda.anaconda.org/conda-forge/linux-64/r-curl-4.3.3-r41h06615bd_1.tar.bz2#1b63281b3fafc4f068db0d250b845aed
https://conda.anaconda.org/conda-forge/linux-64/r-data.table-1.14.8-r41h133d619_0.conda#d159e716556b1903e9586d96f457e0e2
https://conda.anaconda.org/conda-forge/noarch/r-dbi-1.1.3-r41hc72bb7e_1.tar.bz2#3ddc2ffd6fee658a9d63528b5a67ca13
https://conda.anaconda.org/conda-forge/linux-64/r-deldir-1.0_9-r41h61816a4_0.conda#2ec15d94bfe2ee2f58a478f6f5e0b75c
https://conda.anaconda.org/conda-forge/linux-64/r-digest-0.6.31-r41h38f115c_0.conda#eecdd9b7292e968428497bbeb9e68dfe
https://conda.anaconda.org/conda-forge/noarch/r-evaluate-0.21-r41hc72bb7e_0.conda#c45a9a35d32b9d0f08298e3324ef15fe
https://conda.anaconda.org/conda-forge/linux-64/r-fansi-1.0.4-r41h133d619_0.conda#bdd2dca12682e87ebaee34af4250c718
https://conda.anaconda.org/conda-forge/linux-64/r-farver-2.1.1-r41h7525677_1.tar.bz2#6c02f6ce0271b25d7936eeca4d06581c
https://conda.anaconda.org/conda-forge/linux-64/r-fastmap-1.1.1-r41h38f115c_0.conda#c3b67e7975bca83915ebab42be0e97a4
https://conda.anaconda.org/conda-forge/linux-64/r-filelock-1.0.2-r41h133d619_1003.conda#73beab4692218a659e97f9500d6adce6
https://conda.anaconda.org/conda-forge/noarch/r-formatr-1.14-r41hc72bb7e_0.conda#ddadbc844b1d91a55d78132aa1db2224
https://conda.anaconda.org/conda-forge/linux-64/r-fs-1.6.2-r41ha503ecb_0.conda#7a1fbec6fb01e6384ec10eab4362cec2
https://conda.anaconda.org/conda-forge/noarch/r-futile.options-1.0.1-r41hc72bb7e_1003.tar.bz2#3e52428739cccad6b54115707c77d173
https://conda.anaconda.org/conda-forge/noarch/r-generics-0.1.3-r41hc72bb7e_1.tar.bz2#91a23d57270d474ab35b970ab153bdf4
https://conda.anaconda.org/conda-forge/noarch/r-getopt-1.20.3-r41ha770c72_3.tar.bz2#82b89f29d9d0791076c7bc530eec50ba
https://conda.anaconda.org/conda-forge/linux-64/r-glue-1.6.2-r41h06615bd_1.tar.bz2#7f4726fddb7ddc6354f299eeee77217d
https://conda.anaconda.org/conda-forge/noarch/r-hwriter-1.3.2.1-r41hc72bb7e_1.tar.bz2#f06e1a0d0089ab22a13f7f592a2f087b
https://conda.anaconda.org/conda-forge/linux-64/r-isoband-0.2.7-r41h38f115c_1.conda#2e385f2fb8a78b41ae7bf1854af45242
https://conda.anaconda.org/conda-forge/linux-64/r-jpeg-0.1_10-r41h34a62ce_1.conda#8d19907d1fb67a8fe687693baf014d8e
https://conda.anaconda.org/conda-forge/linux-64/r-jsonlite-1.8.5-r41h57805ef_0.conda#6d41262a7460dd158346bc91673c23d7
https://conda.anaconda.org/conda-forge/noarch/r-labeling-0.4.2-r41hc72bb7e_2.tar.bz2#83807ad3d6daa0c5e88ad3f4e8df4758
https://conda.anaconda.org/conda-forge/linux-64/r-lattice-0.21_8-r41h133d619_0.conda#daab654f089ad0595f81b6e3ead9d22a
https://conda.anaconda.org/conda-forge/linux-64/r-lazyeval-0.2.2-r41h06615bd_3.tar.bz2#6eb0969ca6d2304194b7f9fad926b325
https://conda.anaconda.org/conda-forge/linux-64/r-magrittr-2.0.3-r41h06615bd_1.tar.bz2#02e0e78aaffe86ff8d8824b9c6744f05
https://conda.anaconda.org/conda-forge/linux-64/r-mass-7.3_58.3-r41h133d619_0.conda#bc1c1fdac18d5799439626c6b6c1591a
https://conda.anaconda.org/conda-forge/linux-64/r-matrixstats-0.61.0-r41hcfec24a_0.tar.bz2#d107413eee1fc193239ebfc6e7083634
https://conda.anaconda.org/conda-forge/linux-64/r-mime-0.12-r41h06615bd_1.tar.bz2#9482f375317377b6362deeb045759756
https://conda.anaconda.org/conda-forge/noarch/r-pkgconfig-2.0.3-r41hc72bb7e_2.tar.bz2#fceb80e453285589b08efe53174ebe22
https://conda.anaconda.org/conda-forge/noarch/r-plogr-0.2.0-r41hc72bb7e_1004.tar.bz2#2142cbb7693ee306b900e3377d414abc
https://conda.anaconda.org/conda-forge/linux-64/r-png-0.1_8-r41h10cf519_0.conda#c477390cbd01c19c64fbdf1b49057d32
https://conda.anaconda.org/conda-forge/linux-64/r-polyclip-1.10_4-r41h7525677_0.tar.bz2#88ac283366e8885d4eddfc2894063ed6
https://conda.anaconda.org/conda-forge/noarch/r-r.methodss3-1.8.2-r41hc72bb7e_1.tar.bz2#5cff1b8f457c863cc1025bb2b6396678
https://conda.anaconda.org/conda-forge/noarch/r-r6-2.5.1-r41hc72bb7e_1.tar.bz2#04cf390ece28f6df5c096f78409a9b41
https://conda.anaconda.org/conda-forge/linux-64/r-rappdirs-0.3.3-r41h06615bd_1.tar.bz2#d790b0af346d0274e4e99a66d127e871
https://conda.anaconda.org/conda-forge/noarch/r-rcircos-1.2.2-r41hc72bb7e_1.tar.bz2#7c9f3892eefb66d52825e6f3ab820482
https://conda.anaconda.org/conda-forge/noarch/r-rcolorbrewer-1.1_3-r41h785f33e_1.tar.bz2#cf94059b05cc67854cb7e704ea751d7f
https://conda.anaconda.org/conda-forge/linux-64/r-rcpp-1.0.10-r41h38f115c_0.conda#2ad2bd8a50f80e4f7420d7d6c83ea3d5
https://conda.anaconda.org/conda-forge/linux-64/r-rjson-0.2.21-r41h7525677_2.tar.bz2#855c0a28d327e6993b79516c9121d7e0
https://conda.anaconda.org/conda-forge/linux-64/r-rlang-1.1.1-r41ha503ecb_0.conda#ce23a8ab960e759dab1e5b00f7967a72
https://conda.anaconda.org/umccr/noarch/r-rnasum.data-0.1.0-r41_0.tar.bz2#54f1b39b24376226e6a0588024d92dc8
https://conda.anaconda.org/conda-forge/noarch/r-snow-0.4_4-r41hc72bb7e_1.tar.bz2#aea71b97f7046d9ab359ec9a0e494a6d
https://conda.anaconda.org/conda-forge/linux-64/r-stringi-1.7.12-r41h1ae9187_0.conda#acdb5615ac0d9308eb5b02e656d1bb6f
https://conda.anaconda.org/conda-forge/linux-64/r-sys-3.4.2-r41h57805ef_0.conda#903dacb1ef1b8b381fd0fafc3f16b645
https://conda.anaconda.org/conda-forge/linux-64/r-utf8-1.2.3-r41h133d619_0.conda#a990f02e71f6cf7033e4d9b6db5839dc
https://conda.anaconda.org/conda-forge/noarch/r-viridislite-0.4.1-r41hc72bb7e_1.tar.bz2#9fee3e06b7121f47a946b700ffedddc5
https://conda.anaconda.org/conda-forge/noarch/r-withr-2.5.0-r41hc72bb7e_1.tar.bz2#23c0e5a3dc9258b9a06928097560adba
https://conda.anaconda.org/conda-forge/linux-64/r-xfun-0.39-r41ha503ecb_0.conda#555ee06849209b9471946da6f09bb98b
https://conda.anaconda.org/conda-forge/linux-64/r-xml-3.99_0.14-r41hb43fdd4_0.conda#f28ef0b3b4f37171e0755c2a5dbc0e8f
https://conda.anaconda.org/conda-forge/linux-64/r-yaml-2.3.7-r41h133d619_0.conda#4af88071a607237aa73a3cbd51788a39
https://conda.anaconda.org/bioconda/linux-64/bioconductor-biobase-2.54.0-r41hc0cfd56_2.tar.bz2#d69c5574021a948b27f1c0403366bad4
https://conda.anaconda.org/bioconda/noarch/bioconductor-matrixgenerics-1.6.0-r41hdfd78af_0.tar.bz2#69613f3c312fb36021947f3359e89435
https://conda.anaconda.org/bioconda/linux-64/bioconductor-rhtslib-1.26.0-r41hc0cfd56_2.tar.bz2#5949d7893d594db7b6e945e59fd3fe21
https://conda.anaconda.org/bioconda/linux-64/bioconductor-s4vectors-0.32.4-r41hc0cfd56_0.tar.bz2#666dc31cccc2dab8ae2ff7414104c6dc
https://conda.anaconda.org/conda-forge/linux-64/r-askpass-1.1-r41h06615bd_3.tar.bz2#c8ec8683302ad9a2345cb31ab28e6c6b
https://conda.anaconda.org/conda-forge/linux-64/r-bit64-4.0.5-r41h06615bd_1.tar.bz2#b2b853aec45b693c15d246a0ab682ebd
https://conda.anaconda.org/conda-forge/linux-64/r-cachem-1.0.8-r41h57805ef_0.conda#6f16108055134fb2ea45203c3d9e4017
https://conda.anaconda.org/conda-forge/linux-64/r-ellipsis-0.3.2-r41h06615bd_1.tar.bz2#2a63108f4bd95bacd3a9d60af4e7b933
https://conda.anaconda.org/conda-forge/linux-64/r-hexbin-1.28.3-r41hac0b197_0.conda#c7b2e0856ac2ad8172fa47ece2c03ff0
https://conda.anaconda.org/conda-forge/noarch/r-highr-0.10-r41hc72bb7e_0.conda#c5680c2ac76bcecf2c4c3d598fdea3a8
https://conda.anaconda.org/conda-forge/noarch/r-lambda.r-1.2.4-r41hc72bb7e_2.tar.bz2#1e05f757d2dee860b9f532bc984c4ef9
https://conda.anaconda.org/conda-forge/linux-64/r-later-1.3.1-r41ha503ecb_0.conda#99a5da57d3721fcd52a03589613db65e
https://conda.anaconda.org/conda-forge/noarch/r-lifecycle-1.0.3-r41hc72bb7e_1.tar.bz2#bed96e636722252c2a37c392c5994f9d
https://conda.anaconda.org/conda-forge/linux-64/r-locfit-1.5_9.7-r41h133d619_0.conda#05bfc41d19122d897f7332f4bc6b1540
https://conda.anaconda.org/conda-forge/linux-64/r-matrix-1.5_4.1-r41h316c678_0.conda#ecc26aeb7a438e74438c60f4d6404f32
https://conda.anaconda.org/conda-forge/noarch/r-munsell-0.5.0-r41hc72bb7e_1005.tar.bz2#102b2cf348101fd85afda3b26460b0f3
https://conda.anaconda.org/conda-forge/linux-64/r-nlme-3.1_162-r41hac0b197_0.conda#76d797cfdad767d5bffaf053efad7f5d
https://conda.anaconda.org/conda-forge/noarch/r-optparse-1.7.3-r41hc72bb7e_1.tar.bz2#d9921841bf5b011274caed3b3353abd8
https://conda.anaconda.org/conda-forge/noarch/r-prettyunits-1.1.1-r41hc72bb7e_2.tar.bz2#749430ac02fcabd79fe67a1a1c1414ab
https://conda.anaconda.org/conda-forge/noarch/r-r.oo-1.25.0-r41hc72bb7e_1.tar.bz2#080778ce659a006984a7a0dbdde9a57a
https://conda.anaconda.org/conda-forge/linux-64/r-rcurl-1.98_1.12-r41h133d619_0.conda#1706a80861b718b49ab56ab8ea1e5490
https://conda.anaconda.org/conda-forge/noarch/r-rprojroot-2.0.3-r41hc72bb7e_1.tar.bz2#9f5f482d79c7854068a01945f400a3bf
https://conda.anaconda.org/conda-forge/noarch/r-sessioninfo-1.2.2-r41hc72bb7e_1.tar.bz2#90dc4ee6451620fd862b2cc452e41f0d
https://conda.anaconda.org/conda-forge/linux-64/r-systemfonts-1.0.4-r41h0ff29ef_1.tar.bz2#7d59772a3fdee17e7b33ec9b0db0cf3c
https://conda.anaconda.org/conda-forge/noarch/r-tinytex-0.45-r41hc72bb7e_0.conda#ba2807f36dcdc2d1914af2368cef079c
https://conda.anaconda.org/conda-forge/linux-64/r-tzdb-0.4.0-r41ha503ecb_0.conda#986c74f9831d1f97665a12ab10521af4
https://conda.anaconda.org/conda-forge/linux-64/r-xml2-1.3.3-r41h044e5c7_2.tar.bz2#fac12e879977f720e76af620be7ccaee
https://conda.anaconda.org/bioconda/noarch/bioconductor-biocio-1.4.0-r41hdfd78af_0.tar.bz2#77f0dc94556631182427b6a683e6ffb9
https://conda.anaconda.org/bioconda/linux-64/bioconductor-edger-3.36.0-r41hc247a5b_2.tar.bz2#78e0218436078fd6875b10db85080390
https://conda.anaconda.org/bioconda/linux-64/bioconductor-iranges-2.28.0-r41hc0cfd56_2.tar.bz2#27ab085114c78a2ea0a60d6dcaf0da5a
https://conda.anaconda.org/conda-forge/noarch/r-futile.logger-1.4.3-r41hc72bb7e_1004.tar.bz2#3cfacb1a00a0cbf0a319524776fa8a4b
https://conda.anaconda.org/conda-forge/noarch/r-gtable-0.3.3-r41hc72bb7e_0.conda#f18da5771f11c05df08eed41095d56a5
https://conda.anaconda.org/conda-forge/noarch/r-here-1.0.1-r41hc72bb7e_1.tar.bz2#f536ed61334ec2e527253e17863b5a0e
https://conda.anaconda.org/conda-forge/linux-64/r-htmltools-0.5.5-r41h38f115c_0.conda#d6b04b80e5b014f2d7fec675a32f412a
https://conda.anaconda.org/conda-forge/noarch/r-knitr-1.43-r41hc72bb7e_0.conda#9a1b185e1cf8286af819f0def11fbafa
https://conda.anaconda.org/conda-forge/noarch/r-memoise-2.0.1-r41hc72bb7e_1.tar.bz2#b845009ecf0f751328755a76ce4edbfe
https://conda.anaconda.org/conda-forge/linux-64/r-mgcv-1.8_42-r41he1ae0d6_0.conda#41523ce65336ebc723d7aa4e80cd8d27
https://conda.anaconda.org/conda-forge/linux-64/r-openssl-2.0.5-r41hb1dc35e_0.conda#afc8805010b0d4892b319fbb27cf9ed7
https://conda.anaconda.org/conda-forge/linux-64/r-promises-1.2.0.1-r41h7525677_1.tar.bz2#bf21d27db6e291409a076cb88828a9b7
https://conda.anaconda.org/conda-forge/linux-64/r-qpdf-1.3.2-r41h31c590b_1.conda#bec61cdcfba70089369f67f5991ebc85
https://conda.anaconda.org/conda-forge/noarch/r-r.utils-2.12.2-r41hc72bb7e_0.tar.bz2#302c316e29b7f426fa2de6f1f21dec75
https://conda.anaconda.org/conda-forge/linux-64/r-rcppeigen-0.3.3.9.3-r41h9f5de39_0.tar.bz2#ce95b020e72f5a933aad0648e3d1ce22
https://conda.anaconda.org/bioconda/linux-64/r-restfulr-0.0.15-r41h73dbb54_0.tar.bz2#be982d5db1378e1c30e906897ba0f9d5
https://conda.anaconda.org/conda-forge/noarch/r-scales-1.2.1-r41hc72bb7e_1.tar.bz2#2a557fcc9f60e56e788a6d1293bc8701
https://conda.anaconda.org/conda-forge/linux-64/r-textshaping-0.3.6-r41hbb20487_4.conda#496e5f31cf26fecde280e6bfd6442682
https://conda.anaconda.org/conda-forge/linux-64/r-vctrs-0.6.2-r41ha503ecb_0.conda#1f7610a1863648cab254a9f85bd29dcd
https://conda.anaconda.org/bioconda/noarch/bioconductor-aroma.light-3.24.0-r41hdfd78af_0.tar.bz2#dbc11429792c1fc82ece35587053fd58
https://conda.anaconda.org/bioconda/linux-64/bioconductor-biocparallel-1.28.3-r41hc247a5b_1.tar.bz2#24b82b4c32a49a8d65211f587ff8d24e
https://conda.anaconda.org/bioconda/linux-64/bioconductor-delayedarray-0.20.0-r41hc0cfd56_2.tar.bz2#2118a38cef98b4db68f33c9632b28272
https://conda.anaconda.org/bioconda/noarch/bioconductor-genomeinfodb-1.30.1-r41hdfd78af_0.tar.bz2#8a757a9b176ed08e99f1a0d4179bf0bd
https://conda.anaconda.org/bioconda/linux-64/bioconductor-xvector-0.34.0-r41hc0cfd56_2.tar.bz2#be67668685ff98dc2d348ea17f43a1ab
https://conda.anaconda.org/conda-forge/noarch/r-blob-1.2.4-r41hc72bb7e_0.conda#3cb24332a346832eb755d121fb5dcf8a
https://conda.anaconda.org/conda-forge/noarch/r-conflicted-1.2.0-r41h785f33e_0.conda#05cf654425fc82b6d3858967063cc3cf
https://conda.anaconda.org/conda-forge/noarch/r-crosstalk-1.2.0-r41hc72bb7e_1.tar.bz2#85764c2a84603ff727262b45eff5377f
https://conda.anaconda.org/conda-forge/noarch/r-fontawesome-0.5.1-r41hc72bb7e_0.conda#2396aa26d2d18f5acf936c60466ef383
https://conda.anaconda.org/conda-forge/noarch/r-hms-1.1.3-r41hc72bb7e_0.conda#8a21dea88f1d2a88050c5e005d399b74
https://conda.anaconda.org/conda-forge/noarch/r-httr-1.4.6-r41hc72bb7e_0.conda#53dbb769c96782db54bf2d414fc9b239
https://conda.anaconda.org/conda-forge/linux-64/r-interp-1.1_4-r41h38f115c_0.conda#92198d512b1be32252df2a83e80806e3
https://conda.anaconda.org/conda-forge/noarch/r-jquerylib-0.1.4-r41hc72bb7e_1.tar.bz2#385200d138034377ba652ad5de9f5ee3
https://conda.anaconda.org/conda-forge/linux-64/r-pdftools-3.3.3-r41h3730860_0.conda#8fbcfc96823c6e01ccf1e021d2b6f1d9
https://conda.anaconda.org/conda-forge/noarch/r-pillar-1.9.0-r41hc72bb7e_0.conda#fb91965be4ce5aaf59db0452582f5cea
https://conda.anaconda.org/conda-forge/linux-64/r-purrr-1.0.1-r41h133d619_0.conda#d7404238cac0da3c97dc08503d116a2f
https://conda.anaconda.org/conda-forge/linux-64/r-ragg-1.2.5-r41hd65d3ba_0.conda#f91188f717052ca06dc894701199dbd3
https://conda.anaconda.org/conda-forge/linux-64/r-sass-0.4.6-r41ha503ecb_0.conda#644ab0b43d9f6b9acc567e178ead2867
https://conda.anaconda.org/conda-forge/noarch/r-stringr-1.5.0-r41h785f33e_0.conda#274211e1d198da9e62d344bcd713f0c9
https://conda.anaconda.org/conda-forge/linux-64/r-tidyselect-1.2.0-r41hc72bb7e_0.tar.bz2#926b475a0778a6521a5edeb71ca64355
https://conda.anaconda.org/conda-forge/linux-64/r-tweenr-2.0.2-r41h7525677_1.tar.bz2#6d0931c1d6fab57dcc40045d00ad824f
https://conda.anaconda.org/bioconda/linux-64/bioconductor-biostrings-2.62.0-r41hc0cfd56_2.tar.bz2#397b7450e63f6cdb9d9ad82b4a056959
https://conda.anaconda.org/bioconda/linux-64/bioconductor-genomicranges-1.46.1-r41hc0cfd56_1.tar.bz2#244ae6ab8cd592e58e18ddc8a740c3fc
https://conda.anaconda.org/conda-forge/noarch/r-bslib-0.5.0-r41hc72bb7e_0.conda#8cede74e42bfc5b7aade6428b0d7018e
https://conda.anaconda.org/conda-forge/noarch/r-latticeextra-0.6_30-r41hc72bb7e_1.tar.bz2#eb26df551036649493c92c2e1a57a5c8
https://conda.anaconda.org/conda-forge/noarch/r-progress-1.2.2-r41hc72bb7e_3.tar.bz2#284788289276072133ba78cca81006b4
https://conda.anaconda.org/conda-forge/linux-64/r-rsqlite-2.3.1-r41h38f115c_0.conda#e7b0df6623e5f927dc2a8b67a7a1ce30
https://conda.anaconda.org/conda-forge/linux-64/r-tibble-3.2.1-r41h133d619_1.conda#3ae9b78fb1d8a44deed24a27cce33ebf
https://conda.anaconda.org/bioconda/noarch/bioconductor-annotationfilter-1.18.0-r41hdfd78af_0.tar.bz2#a6921d7288d7eb45f4ef26f4baf40a3d
https://conda.anaconda.org/bioconda/noarch/bioconductor-keggrest-1.34.0-r41hdfd78af_0.tar.bz2#54056f47634552568aa26b1b09a2e16a
https://conda.anaconda.org/bioconda/linux-64/bioconductor-rsamtools-2.10.0-r41hc247a5b_2.tar.bz2#2a28fdc76bf46746bfdf1d7bca3d59fa
https://conda.anaconda.org/bioconda/noarch/bioconductor-summarizedexperiment-1.24.0-r41hdfd78af_0.tar.bz2#f21eb229b8ee58680cb0179ef6d51f7e
https://conda.anaconda.org/conda-forge/linux-64/r-dplyr-1.1.2-r41ha503ecb_0.conda#053d47c12630d73849083cff1968597f
https://conda.anaconda.org/conda-forge/noarch/r-ggplot2-3.4.2-r41hc72bb7e_0.conda#c2b04f4ff351d84bf51fd5a77b5c9b6c
https://conda.anaconda.org/conda-forge/noarch/r-rmarkdown-2.22-r41hc72bb7e_0.conda#0c4eb2b4f64057e35ebbb7a16e1314a1
https://conda.anaconda.org/conda-forge/linux-64/r-vroom-1.6.3-r41ha503ecb_0.conda#76606ca3c63123119b1a5dc6fbb8d01d
https://conda.anaconda.org/bioconda/noarch/bioconductor-annotationdbi-1.56.2-r41hdfd78af_0.tar.bz2#80cca6ecf3b8b9fe843ebcb8c48e4a9c
https://conda.anaconda.org/bioconda/linux-64/bioconductor-genomicalignments-1.30.0-r41hc0cfd56_2.tar.bz2#fa3af03503bd1fa589bf4f174c710167
https://conda.anaconda.org/conda-forge/linux-64/r-ggforce-0.4.1-r41h7525677_1.tar.bz2#9b1d837fa512ffab85356fb9c6c54d20
https://conda.anaconda.org/conda-forge/noarch/r-htmlwidgets-1.6.2-r41hc72bb7e_0.conda#e3a8d4abaaef7667dc98eb765193fd69
https://conda.anaconda.org/conda-forge/linux-64/r-readr-2.1.4-r41h38f115c_0.conda#e44a415b2c01ffa8f8f062995da673d8
https://conda.anaconda.org/conda-forge/linux-64/r-tidyr-1.3.0-r41h38f115c_0.conda#0a78da84c85d04ce2280690ce218fc73
https://conda.anaconda.org/bioconda/linux-64/bioconductor-rtracklayer-1.54.0-r41h171f361_4.tar.bz2#725c35de0a07787b8127875f484742a8
https://conda.anaconda.org/bioconda/linux-64/bioconductor-shortread-1.52.0-r41hc247a5b_2.tar.bz2#14bf6ca84a46552f6c0fbf285516b003
https://conda.anaconda.org/conda-forge/noarch/r-dbplyr-2.3.2-r41hc72bb7e_0.conda#028fc5bedab964fc666ca9d9e875e7c9
https://conda.anaconda.org/conda-forge/noarch/r-dt-0.28-r41hc72bb7e_0.conda#a527b577a599e8b4cb08dbdec5d4492b
https://conda.anaconda.org/conda-forge/noarch/r-plotly-4.10.2-r41hc72bb7e_0.conda#4969add7a0206fbd3360055b0e38ff7d
https://conda.anaconda.org/bioconda/noarch/bioconductor-biocfilecache-2.2.0-r41hdfd78af_0.tar.bz2#0f94a95f6cf99e8ce2adc07b99bd2c45
https://conda.anaconda.org/umccr/noarch/r-manhattanly-0.3.0-r41h6115d3f_0.tar.bz2#3669b2c156c84b23d31fba02ee1b2ea1
https://conda.anaconda.org/bioconda/noarch/bioconductor-biomart-2.50.0-r41hdfd78af_0.tar.bz2#521b5a593179ffeb6fc432f3bbad548d
https://conda.anaconda.org/bioconda/noarch/bioconductor-genomicfeatures-1.46.1-r41hdfd78af_0.tar.bz2#749e6d8ea358fe4dfa6cc0b44b2306a6
https://conda.anaconda.org/bioconda/noarch/bioconductor-edaseq-2.28.0-r41hdfd78af_0.tar.bz2#205da7c530172b1ecd74d636ae13dadf
https://conda.anaconda.org/bioconda/noarch/bioconductor-ensembldb-2.18.1-r41hdfd78af_0.tar.bz2#2fd83dc07453cd129ca8b087284ade64
https://conda.anaconda.org/umccr/noarch/r-rnasum-1.1.4-r41_0.tar.bz2#3890d319f4447c038a2f2a2662b4c80d
